// !$*UTF8*$!
{
	archiveVersion = 1;
	classes = {
	};
	objectVersion = 46;
	objects = {

/* Begin PBXBuildFile section */
		9949A2CD214BDC7200FE0508 /* CiNiiKit.framework in Frameworks */ = {isa = PBXBuildFile; fileRef = 9949A2C4214BDC7200FE0508 /* CiNiiKit.framework */; };
		9949A2DB214BDDBD00FE0508 /* CiNiiKitDecodeTests.swift in Sources */ = {isa = PBXBuildFile; fileRef = 99D035A7214927C9001DA591 /* CiNiiKitDecodeTests.swift */; };
		9949A2DC214BDDC000FE0508 /* CiNiiKitTests.swift in Sources */ = {isa = PBXBuildFile; fileRef = 999C51F1213431A000611308 /* CiNiiKitTests.swift */; };
		9949A2DD214BDDC200FE0508 /* Helper.swift in Sources */ = {isa = PBXBuildFile; fileRef = 99D035A321490636001DA591 /* Helper.swift */; };
		9949A2FB214BDDEA00FE0508 /* ErrorHandring.swift in Sources */ = {isa = PBXBuildFile; fileRef = 9949A2DF214BDDEA00FE0508 /* ErrorHandring.swift */; };
		9949A2FC214BDDEA00FE0508 /* ErrorHandring.swift in Sources */ = {isa = PBXBuildFile; fileRef = 9949A2DF214BDDEA00FE0508 /* ErrorHandring.swift */; };
		9949A2FD214BDDEA00FE0508 /* CiNiiKitBooks.swift in Sources */ = {isa = PBXBuildFile; fileRef = 9949A2E1214BDDEA00FE0508 /* CiNiiKitBooks.swift */; };
		9949A2FE214BDDEA00FE0508 /* CiNiiKitBooks.swift in Sources */ = {isa = PBXBuildFile; fileRef = 9949A2E1214BDDEA00FE0508 /* CiNiiKitBooks.swift */; };
		9949A2FF214BDDEA00FE0508 /* CiNiiKitDissertations.swift in Sources */ = {isa = PBXBuildFile; fileRef = 9949A2E2214BDDEA00FE0508 /* CiNiiKitDissertations.swift */; };
		9949A300214BDDEA00FE0508 /* CiNiiKitDissertations.swift in Sources */ = {isa = PBXBuildFile; fileRef = 9949A2E2214BDDEA00FE0508 /* CiNiiKitDissertations.swift */; };
		9949A301214BDDEA00FE0508 /* CiNiiKit.swift in Sources */ = {isa = PBXBuildFile; fileRef = 9949A2E3214BDDEA00FE0508 /* CiNiiKit.swift */; };
		9949A302214BDDEA00FE0508 /* CiNiiKit.swift in Sources */ = {isa = PBXBuildFile; fileRef = 9949A2E3214BDDEA00FE0508 /* CiNiiKit.swift */; };
		9949A303214BDDEA00FE0508 /* CiNiiKitArticles.swift in Sources */ = {isa = PBXBuildFile; fileRef = 9949A2E4214BDDEA00FE0508 /* CiNiiKitArticles.swift */; };
		9949A304214BDDEA00FE0508 /* CiNiiKitArticles.swift in Sources */ = {isa = PBXBuildFile; fileRef = 9949A2E4214BDDEA00FE0508 /* CiNiiKitArticles.swift */; };
		9949A305214BDDEA00FE0508 /* MaterialType.swift in Sources */ = {isa = PBXBuildFile; fileRef = 9949A2E6214BDDEA00FE0508 /* MaterialType.swift */; };
		9949A306214BDDEA00FE0508 /* MaterialType.swift in Sources */ = {isa = PBXBuildFile; fileRef = 9949A2E6214BDDEA00FE0508 /* MaterialType.swift */; };
		9949A307214BDDEA00FE0508 /* ILLStatusType.swift in Sources */ = {isa = PBXBuildFile; fileRef = 9949A2E7214BDDEA00FE0508 /* ILLStatusType.swift */; };
		9949A308214BDDEA00FE0508 /* ILLStatusType.swift in Sources */ = {isa = PBXBuildFile; fileRef = 9949A2E7214BDDEA00FE0508 /* ILLStatusType.swift */; };
		9949A309214BDDEA00FE0508 /* ParticipantType.swift in Sources */ = {isa = PBXBuildFile; fileRef = 9949A2E8214BDDEA00FE0508 /* ParticipantType.swift */; };
		9949A30A214BDDEA00FE0508 /* ParticipantType.swift in Sources */ = {isa = PBXBuildFile; fileRef = 9949A2E8214BDDEA00FE0508 /* ParticipantType.swift */; };
		9949A30B214BDDEA00FE0508 /* SortOrderType.swift in Sources */ = {isa = PBXBuildFile; fileRef = 9949A2E9214BDDEA00FE0508 /* SortOrderType.swift */; };
		9949A30C214BDDEA00FE0508 /* SortOrderType.swift in Sources */ = {isa = PBXBuildFile; fileRef = 9949A2E9214BDDEA00FE0508 /* SortOrderType.swift */; };
		9949A30D214BDDEA00FE0508 /* LanguageType.swift in Sources */ = {isa = PBXBuildFile; fileRef = 9949A2EA214BDDEA00FE0508 /* LanguageType.swift */; };
		9949A30E214BDDEA00FE0508 /* LanguageType.swift in Sources */ = {isa = PBXBuildFile; fileRef = 9949A2EA214BDDEA00FE0508 /* LanguageType.swift */; };
		9949A30F214BDDEA00FE0508 /* API.swift in Sources */ = {isa = PBXBuildFile; fileRef = 9949A2EB214BDDEA00FE0508 /* API.swift */; };
		9949A310214BDDEA00FE0508 /* API.swift in Sources */ = {isa = PBXBuildFile; fileRef = 9949A2EB214BDDEA00FE0508 /* API.swift */; };
		9949A311214BDDEA00FE0508 /* ServiceStatusType.swift in Sources */ = {isa = PBXBuildFile; fileRef = 9949A2EC214BDDEA00FE0508 /* ServiceStatusType.swift */; };
		9949A312214BDDEA00FE0508 /* ServiceStatusType.swift in Sources */ = {isa = PBXBuildFile; fileRef = 9949A2EC214BDDEA00FE0508 /* ServiceStatusType.swift */; };
		9949A313214BDDEA00FE0508 /* RangeType.swift in Sources */ = {isa = PBXBuildFile; fileRef = 9949A2ED214BDDEA00FE0508 /* RangeType.swift */; };
		9949A314214BDDEA00FE0508 /* RangeType.swift in Sources */ = {isa = PBXBuildFile; fileRef = 9949A2ED214BDDEA00FE0508 /* RangeType.swift */; };
		9949A315214BDDEA00FE0508 /* OpenSearchArticles.swift in Sources */ = {isa = PBXBuildFile; fileRef = 9949A2EF214BDDEA00FE0508 /* OpenSearchArticles.swift */; };
		9949A316214BDDEA00FE0508 /* OpenSearchArticles.swift in Sources */ = {isa = PBXBuildFile; fileRef = 9949A2EF214BDDEA00FE0508 /* OpenSearchArticles.swift */; };
		9949A317214BDDEA00FE0508 /* OpenSearchDissertations.swift in Sources */ = {isa = PBXBuildFile; fileRef = 9949A2F0214BDDEA00FE0508 /* OpenSearchDissertations.swift */; };
		9949A318214BDDEA00FE0508 /* OpenSearchDissertations.swift in Sources */ = {isa = PBXBuildFile; fileRef = 9949A2F0214BDDEA00FE0508 /* OpenSearchDissertations.swift */; };
		9949A319214BDDEA00FE0508 /* OpenSearchBooks.swift in Sources */ = {isa = PBXBuildFile; fileRef = 9949A2F1214BDDEA00FE0508 /* OpenSearchBooks.swift */; };
		9949A31A214BDDEA00FE0508 /* OpenSearchBooks.swift in Sources */ = {isa = PBXBuildFile; fileRef = 9949A2F1214BDDEA00FE0508 /* OpenSearchBooks.swift */; };
		9949A31B214BDDEA00FE0508 /* Int+.swift in Sources */ = {isa = PBXBuildFile; fileRef = 9949A2F3214BDDEA00FE0508 /* Int+.swift */; };
		9949A31C214BDDEA00FE0508 /* Int+.swift in Sources */ = {isa = PBXBuildFile; fileRef = 9949A2F3214BDDEA00FE0508 /* Int+.swift */; };
		9949A31D214BDDEA00FE0508 /* String+.swift in Sources */ = {isa = PBXBuildFile; fileRef = 9949A2F4214BDDEA00FE0508 /* String+.swift */; };
		9949A31E214BDDEA00FE0508 /* String+.swift in Sources */ = {isa = PBXBuildFile; fileRef = 9949A2F4214BDDEA00FE0508 /* String+.swift */; };
		9949A31F214BDDEA00FE0508 /* Operator+.swift in Sources */ = {isa = PBXBuildFile; fileRef = 9949A2F5214BDDEA00FE0508 /* Operator+.swift */; };
		9949A320214BDDEA00FE0508 /* Operator+.swift in Sources */ = {isa = PBXBuildFile; fileRef = 9949A2F5214BDDEA00FE0508 /* Operator+.swift */; };
		9949A321214BDDEA00FE0508 /* DissertationsModel.swift in Sources */ = {isa = PBXBuildFile; fileRef = 9949A2F7214BDDEA00FE0508 /* DissertationsModel.swift */; };
		9949A322214BDDEA00FE0508 /* DissertationsModel.swift in Sources */ = {isa = PBXBuildFile; fileRef = 9949A2F7214BDDEA00FE0508 /* DissertationsModel.swift */; };
		9949A323214BDDEA00FE0508 /* BooksModel.swift in Sources */ = {isa = PBXBuildFile; fileRef = 9949A2F8214BDDEA00FE0508 /* BooksModel.swift */; };
		9949A324214BDDEA00FE0508 /* BooksModel.swift in Sources */ = {isa = PBXBuildFile; fileRef = 9949A2F8214BDDEA00FE0508 /* BooksModel.swift */; };
		9949A325214BDDEA00FE0508 /* OpenSearchPageable.swift in Sources */ = {isa = PBXBuildFile; fileRef = 9949A2F9214BDDEA00FE0508 /* OpenSearchPageable.swift */; };
		9949A326214BDDEA00FE0508 /* OpenSearchPageable.swift in Sources */ = {isa = PBXBuildFile; fileRef = 9949A2F9214BDDEA00FE0508 /* OpenSearchPageable.swift */; };
		9949A327214BDDEA00FE0508 /* ArticlesModel.swift in Sources */ = {isa = PBXBuildFile; fileRef = 9949A2FA214BDDEA00FE0508 /* ArticlesModel.swift */; };
		9949A328214BDDEA00FE0508 /* ArticlesModel.swift in Sources */ = {isa = PBXBuildFile; fileRef = 9949A2FA214BDDEA00FE0508 /* ArticlesModel.swift */; };
		9949A32D214BDEDB00FE0508 /* articles.json in Resources */ = {isa = PBXBuildFile; fileRef = 99D035A12148F8C4001DA591 /* articles.json */; };
		9949A32E214BDEDB00FE0508 /* books.json in Resources */ = {isa = PBXBuildFile; fileRef = 99D035A921493361001DA591 /* books.json */; };
		9949A32F214BDEDB00FE0508 /* dissertations.json in Resources */ = {isa = PBXBuildFile; fileRef = 99D035AB2149353E001DA591 /* dissertations.json */; };
		9949A330214BE0A200FE0508 /* Alamofire.framework in Frameworks */ = {isa = PBXBuildFile; fileRef = 9949A32B214BDE3600FE0508 /* Alamofire.framework */; };
		999C52462134AFF600611308 /* CiNiiKit.framework in Frameworks */ = {isa = PBXBuildFile; fileRef = 999C523D2134AFF500611308 /* CiNiiKit.framework */; };
		999C52572134B14800611308 /* CiNiiKitTests.swift in Sources */ = {isa = PBXBuildFile; fileRef = 999C51F1213431A000611308 /* CiNiiKitTests.swift */; };
		999C5278213581DF00611308 /* Alamofire.framework in Frameworks */ = {isa = PBXBuildFile; fileRef = 999C5275213581DF00611308 /* Alamofire.framework */; };
		99D035A22148F8C4001DA591 /* articles.json in Resources */ = {isa = PBXBuildFile; fileRef = 99D035A12148F8C4001DA591 /* articles.json */; };
		99D035A421490636001DA591 /* Helper.swift in Sources */ = {isa = PBXBuildFile; fileRef = 99D035A321490636001DA591 /* Helper.swift */; };
		99D035A8214927C9001DA591 /* CiNiiKitDecodeTests.swift in Sources */ = {isa = PBXBuildFile; fileRef = 99D035A7214927C9001DA591 /* CiNiiKitDecodeTests.swift */; };
		99D035AA21493361001DA591 /* books.json in Resources */ = {isa = PBXBuildFile; fileRef = 99D035A921493361001DA591 /* books.json */; };
		99D035AC2149353E001DA591 /* dissertations.json in Resources */ = {isa = PBXBuildFile; fileRef = 99D035AB2149353E001DA591 /* dissertations.json */; };
/* End PBXBuildFile section */

/* Begin PBXContainerItemProxy section */
		9949A2CE214BDC7200FE0508 /* PBXContainerItemProxy */ = {
			isa = PBXContainerItemProxy;
			containerPortal = OBJ_1 /* Project object */;
			proxyType = 1;
			remoteGlobalIDString = 9949A2C3214BDC7200FE0508;
			remoteInfo = "CiNiiKit macOS";
		};
		999C52472134AFF600611308 /* PBXContainerItemProxy */ = {
			isa = PBXContainerItemProxy;
			containerPortal = OBJ_1 /* Project object */;
			proxyType = 1;
			remoteGlobalIDString = 999C523C2134AFF500611308;
			remoteInfo = "CiNiiKit iOS";
		};
/* End PBXContainerItemProxy section */

/* Begin PBXFileReference section */
		9949A2C4214BDC7200FE0508 /* CiNiiKit.framework */ = {isa = PBXFileReference; explicitFileType = wrapper.framework; includeInIndex = 0; path = CiNiiKit.framework; sourceTree = BUILT_PRODUCTS_DIR; };
		9949A2CC214BDC7200FE0508 /* CiNiiKit macOSTests.xctest */ = {isa = PBXFileReference; explicitFileType = wrapper.cfbundle; includeInIndex = 0; path = "CiNiiKit macOSTests.xctest"; sourceTree = BUILT_PRODUCTS_DIR; };
		9949A2DF214BDDEA00FE0508 /* ErrorHandring.swift */ = {isa = PBXFileReference; fileEncoding = 4; lastKnownFileType = sourcecode.swift; path = ErrorHandring.swift; sourceTree = "<group>"; };
		9949A2E1214BDDEA00FE0508 /* CiNiiKitBooks.swift */ = {isa = PBXFileReference; fileEncoding = 4; lastKnownFileType = sourcecode.swift; path = CiNiiKitBooks.swift; sourceTree = "<group>"; };
		9949A2E2214BDDEA00FE0508 /* CiNiiKitDissertations.swift */ = {isa = PBXFileReference; fileEncoding = 4; lastKnownFileType = sourcecode.swift; path = CiNiiKitDissertations.swift; sourceTree = "<group>"; };
		9949A2E3214BDDEA00FE0508 /* CiNiiKit.swift */ = {isa = PBXFileReference; fileEncoding = 4; lastKnownFileType = sourcecode.swift; path = CiNiiKit.swift; sourceTree = "<group>"; };
		9949A2E4214BDDEA00FE0508 /* CiNiiKitArticles.swift */ = {isa = PBXFileReference; fileEncoding = 4; lastKnownFileType = sourcecode.swift; path = CiNiiKitArticles.swift; sourceTree = "<group>"; };
		9949A2E6214BDDEA00FE0508 /* MaterialType.swift */ = {isa = PBXFileReference; fileEncoding = 4; lastKnownFileType = sourcecode.swift; path = MaterialType.swift; sourceTree = "<group>"; };
		9949A2E7214BDDEA00FE0508 /* ILLStatusType.swift */ = {isa = PBXFileReference; fileEncoding = 4; lastKnownFileType = sourcecode.swift; path = ILLStatusType.swift; sourceTree = "<group>"; };
		9949A2E8214BDDEA00FE0508 /* ParticipantType.swift */ = {isa = PBXFileReference; fileEncoding = 4; lastKnownFileType = sourcecode.swift; path = ParticipantType.swift; sourceTree = "<group>"; };
		9949A2E9214BDDEA00FE0508 /* SortOrderType.swift */ = {isa = PBXFileReference; fileEncoding = 4; lastKnownFileType = sourcecode.swift; path = SortOrderType.swift; sourceTree = "<group>"; };
		9949A2EA214BDDEA00FE0508 /* LanguageType.swift */ = {isa = PBXFileReference; fileEncoding = 4; lastKnownFileType = sourcecode.swift; path = LanguageType.swift; sourceTree = "<group>"; };
		9949A2EB214BDDEA00FE0508 /* API.swift */ = {isa = PBXFileReference; fileEncoding = 4; lastKnownFileType = sourcecode.swift; path = API.swift; sourceTree = "<group>"; };
		9949A2EC214BDDEA00FE0508 /* ServiceStatusType.swift */ = {isa = PBXFileReference; fileEncoding = 4; lastKnownFileType = sourcecode.swift; path = ServiceStatusType.swift; sourceTree = "<group>"; };
		9949A2ED214BDDEA00FE0508 /* RangeType.swift */ = {isa = PBXFileReference; fileEncoding = 4; lastKnownFileType = sourcecode.swift; path = RangeType.swift; sourceTree = "<group>"; };
		9949A2EF214BDDEA00FE0508 /* OpenSearchArticles.swift */ = {isa = PBXFileReference; fileEncoding = 4; lastKnownFileType = sourcecode.swift; path = OpenSearchArticles.swift; sourceTree = "<group>"; };
		9949A2F0214BDDEA00FE0508 /* OpenSearchDissertations.swift */ = {isa = PBXFileReference; fileEncoding = 4; lastKnownFileType = sourcecode.swift; path = OpenSearchDissertations.swift; sourceTree = "<group>"; };
		9949A2F1214BDDEA00FE0508 /* OpenSearchBooks.swift */ = {isa = PBXFileReference; fileEncoding = 4; lastKnownFileType = sourcecode.swift; path = OpenSearchBooks.swift; sourceTree = "<group>"; };
		9949A2F3214BDDEA00FE0508 /* Int+.swift */ = {isa = PBXFileReference; fileEncoding = 4; lastKnownFileType = sourcecode.swift; path = "Int+.swift"; sourceTree = "<group>"; };
		9949A2F4214BDDEA00FE0508 /* String+.swift */ = {isa = PBXFileReference; fileEncoding = 4; lastKnownFileType = sourcecode.swift; path = "String+.swift"; sourceTree = "<group>"; };
		9949A2F5214BDDEA00FE0508 /* Operator+.swift */ = {isa = PBXFileReference; fileEncoding = 4; lastKnownFileType = sourcecode.swift; path = "Operator+.swift"; sourceTree = "<group>"; };
		9949A2F7214BDDEA00FE0508 /* DissertationsModel.swift */ = {isa = PBXFileReference; fileEncoding = 4; lastKnownFileType = sourcecode.swift; path = DissertationsModel.swift; sourceTree = "<group>"; };
		9949A2F8214BDDEA00FE0508 /* BooksModel.swift */ = {isa = PBXFileReference; fileEncoding = 4; lastKnownFileType = sourcecode.swift; path = BooksModel.swift; sourceTree = "<group>"; };
		9949A2F9214BDDEA00FE0508 /* OpenSearchPageable.swift */ = {isa = PBXFileReference; fileEncoding = 4; lastKnownFileType = sourcecode.swift; path = OpenSearchPageable.swift; sourceTree = "<group>"; };
		9949A2FA214BDDEA00FE0508 /* ArticlesModel.swift */ = {isa = PBXFileReference; fileEncoding = 4; lastKnownFileType = sourcecode.swift; path = ArticlesModel.swift; sourceTree = "<group>"; };
		9949A32B214BDE3600FE0508 /* Alamofire.framework */ = {isa = PBXFileReference; lastKnownFileType = wrapper.framework; name = Alamofire.framework; path = Carthage/Build/Mac/Alamofire.framework; sourceTree = "<group>"; };
		999C51D62134313200611308 /* Info.plist */ = {isa = PBXFileReference; lastKnownFileType = text.plist.xml; path = Info.plist; sourceTree = "<group>"; };
		999C51F1213431A000611308 /* CiNiiKitTests.swift */ = {isa = PBXFileReference; fileEncoding = 4; lastKnownFileType = sourcecode.swift; path = CiNiiKitTests.swift; sourceTree = "<group>"; };
		999C51F92134326400611308 /* Info.plist */ = {isa = PBXFileReference; lastKnownFileType = text.plist.xml; name = Info.plist; path = Sources/Info.plist; sourceTree = "<group>"; };
		999C523D2134AFF500611308 /* CiNiiKit.framework */ = {isa = PBXFileReference; explicitFileType = wrapper.framework; includeInIndex = 0; path = CiNiiKit.framework; sourceTree = BUILT_PRODUCTS_DIR; };
		999C52452134AFF600611308 /* CiNiiKit iOSTests.xctest */ = {isa = PBXFileReference; explicitFileType = wrapper.cfbundle; includeInIndex = 0; path = "CiNiiKit iOSTests.xctest"; sourceTree = BUILT_PRODUCTS_DIR; };
		999C5275213581DF00611308 /* Alamofire.framework */ = {isa = PBXFileReference; lastKnownFileType = wrapper.framework; name = Alamofire.framework; path = Carthage/Build/iOS/Alamofire.framework; sourceTree = "<group>"; };
		99D035A12148F8C4001DA591 /* articles.json */ = {isa = PBXFileReference; lastKnownFileType = text.json; path = articles.json; sourceTree = "<group>"; };
		99D035A321490636001DA591 /* Helper.swift */ = {isa = PBXFileReference; lastKnownFileType = sourcecode.swift; path = Helper.swift; sourceTree = "<group>"; };
		99D035A7214927C9001DA591 /* CiNiiKitDecodeTests.swift */ = {isa = PBXFileReference; lastKnownFileType = sourcecode.swift; path = CiNiiKitDecodeTests.swift; sourceTree = "<group>"; };
		99D035A921493361001DA591 /* books.json */ = {isa = PBXFileReference; lastKnownFileType = text.json; path = books.json; sourceTree = "<group>"; };
		99D035AB2149353E001DA591 /* dissertations.json */ = {isa = PBXFileReference; lastKnownFileType = text.json; path = dissertations.json; sourceTree = "<group>"; };
		OBJ_6 /* Package.swift */ = {isa = PBXFileReference; explicitFileType = sourcecode.swift; path = Package.swift; sourceTree = "<group>"; };
/* End PBXFileReference section */

/* Begin PBXFrameworksBuildPhase section */
		9949A2C0214BDC7200FE0508 /* Frameworks */ = {
			isa = PBXFrameworksBuildPhase;
			buildActionMask = 2147483647;
			files = (
				9949A330214BE0A200FE0508 /* Alamofire.framework in Frameworks */,
			);
			runOnlyForDeploymentPostprocessing = 0;
		};
		9949A2C9214BDC7200FE0508 /* Frameworks */ = {
			isa = PBXFrameworksBuildPhase;
			buildActionMask = 2147483647;
			files = (
				9949A2CD214BDC7200FE0508 /* CiNiiKit.framework in Frameworks */,
			);
			runOnlyForDeploymentPostprocessing = 0;
		};
		999C52392134AFF500611308 /* Frameworks */ = {
			isa = PBXFrameworksBuildPhase;
			buildActionMask = 2147483647;
			files = (
				999C5278213581DF00611308 /* Alamofire.framework in Frameworks */,
			);
			runOnlyForDeploymentPostprocessing = 0;
		};
		999C52422134AFF500611308 /* Frameworks */ = {
			isa = PBXFrameworksBuildPhase;
			buildActionMask = 2147483647;
			files = (
				999C52462134AFF600611308 /* CiNiiKit.framework in Frameworks */,
			);
			runOnlyForDeploymentPostprocessing = 0;
		};
/* End PBXFrameworksBuildPhase section */

/* Begin PBXGroup section */
		9949A2DE214BDDEA00FE0508 /* Error */ = {
			isa = PBXGroup;
			children = (
				9949A2DF214BDDEA00FE0508 /* ErrorHandring.swift */,
			);
			path = Error;
			sourceTree = "<group>";
		};
		9949A2E0214BDDEA00FE0508 /* Core */ = {
			isa = PBXGroup;
			children = (
				9949A2E1214BDDEA00FE0508 /* CiNiiKitBooks.swift */,
				9949A2E2214BDDEA00FE0508 /* CiNiiKitDissertations.swift */,
				9949A2E3214BDDEA00FE0508 /* CiNiiKit.swift */,
				9949A2E4214BDDEA00FE0508 /* CiNiiKitArticles.swift */,
			);
			path = Core;
			sourceTree = "<group>";
		};
		9949A2E5214BDDEA00FE0508 /* Enum */ = {
			isa = PBXGroup;
			children = (
				9949A2E6214BDDEA00FE0508 /* MaterialType.swift */,
				9949A2E7214BDDEA00FE0508 /* ILLStatusType.swift */,
				9949A2E8214BDDEA00FE0508 /* ParticipantType.swift */,
				9949A2E9214BDDEA00FE0508 /* SortOrderType.swift */,
				9949A2EA214BDDEA00FE0508 /* LanguageType.swift */,
				9949A2EB214BDDEA00FE0508 /* API.swift */,
				9949A2EC214BDDEA00FE0508 /* ServiceStatusType.swift */,
				9949A2ED214BDDEA00FE0508 /* RangeType.swift */,
			);
			path = Enum;
			sourceTree = "<group>";
		};
		9949A2EE214BDDEA00FE0508 /* Endpoints */ = {
			isa = PBXGroup;
			children = (
				9949A2EF214BDDEA00FE0508 /* OpenSearchArticles.swift */,
				9949A2F0214BDDEA00FE0508 /* OpenSearchDissertations.swift */,
				9949A2F1214BDDEA00FE0508 /* OpenSearchBooks.swift */,
			);
			path = Endpoints;
			sourceTree = "<group>";
		};
		9949A2F2214BDDEA00FE0508 /* Extension */ = {
			isa = PBXGroup;
			children = (
				9949A2F3214BDDEA00FE0508 /* Int+.swift */,
				9949A2F4214BDDEA00FE0508 /* String+.swift */,
				9949A2F5214BDDEA00FE0508 /* Operator+.swift */,
			);
			path = Extension;
			sourceTree = "<group>";
		};
		9949A2F6214BDDEA00FE0508 /* Model */ = {
			isa = PBXGroup;
			children = (
				9949A2F7214BDDEA00FE0508 /* DissertationsModel.swift */,
				9949A2F8214BDDEA00FE0508 /* BooksModel.swift */,
				9949A2F9214BDDEA00FE0508 /* OpenSearchPageable.swift */,
				9949A2FA214BDDEA00FE0508 /* ArticlesModel.swift */,
			);
			path = Model;
			sourceTree = "<group>";
		};
		9949A329214BDE0600FE0508 /* macOS */ = {
			isa = PBXGroup;
			children = (
				9949A32B214BDE3600FE0508 /* Alamofire.framework */,
			);
			name = macOS;
			sourceTree = "<group>";
		};
		9949A32A214BDE0F00FE0508 /* macOS */ = {
			isa = PBXGroup;
			children = (
			);
			name = macOS;
			sourceTree = "<group>";
		};
		999C51E02134318B00611308 /* Sources */ = {
			isa = PBXGroup;
			children = (
				9949A2E0214BDDEA00FE0508 /* Core */,
				9949A2EE214BDDEA00FE0508 /* Endpoints */,
				9949A2E5214BDDEA00FE0508 /* Enum */,
				9949A2DE214BDDEA00FE0508 /* Error */,
				9949A2F2214BDDEA00FE0508 /* Extension */,
				9949A2F6214BDDEA00FE0508 /* Model */,
			);
			path = Sources;
			sourceTree = "<group>";
		};
		999C51EF213431A000611308 /* Tests */ = {
			isa = PBXGroup;
			children = (
				999C51F0213431A000611308 /* CiNiiKitTests */,
				99D035A02148F893001DA591 /* Fixtures */,
				99F97A622135826E0052391A /* Frameworks */,
				999C51F82134323F00611308 /* Supporting Files */,
			);
			path = Tests;
			sourceTree = "<group>";
		};
		999C51F0213431A000611308 /* CiNiiKitTests */ = {
			isa = PBXGroup;
			children = (
				99D035A321490636001DA591 /* Helper.swift */,
				999C51F1213431A000611308 /* CiNiiKitTests.swift */,
				99D035A7214927C9001DA591 /* CiNiiKitDecodeTests.swift */,
			);
			path = CiNiiKitTests;
			sourceTree = "<group>";
		};
		999C51F7213431B200611308 /* Supporting Files */ = {
			isa = PBXGroup;
			children = (
				999C51F92134326400611308 /* Info.plist */,
			);
			name = "Supporting Files";
			sourceTree = "<group>";
		};
		999C51F82134323F00611308 /* Supporting Files */ = {
			isa = PBXGroup;
			children = (
				999C51D62134313200611308 /* Info.plist */,
			);
			name = "Supporting Files";
			sourceTree = "<group>";
		};
		999C52732135819400611308 /* Frameworks */ = {
			isa = PBXGroup;
			children = (
				9949A329214BDE0600FE0508 /* macOS */,
				999C5274213581C900611308 /* iOS */,
			);
			name = Frameworks;
			sourceTree = "<group>";
		};
		999C5274213581C900611308 /* iOS */ = {
			isa = PBXGroup;
			children = (
				999C5275213581DF00611308 /* Alamofire.framework */,
			);
			name = iOS;
			sourceTree = "<group>";
		};
		99D035A02148F893001DA591 /* Fixtures */ = {
			isa = PBXGroup;
			children = (
				99D035A12148F8C4001DA591 /* articles.json */,
				99D035A921493361001DA591 /* books.json */,
				99D035AB2149353E001DA591 /* dissertations.json */,
			);
			path = Fixtures;
			sourceTree = "<group>";
		};
		99F97A622135826E0052391A /* Frameworks */ = {
			isa = PBXGroup;
			children = (
				9949A32A214BDE0F00FE0508 /* macOS */,
				99F97A63213582730052391A /* iOS */,
			);
			name = Frameworks;
			sourceTree = "<group>";
		};
		99F97A63213582730052391A /* iOS */ = {
			isa = PBXGroup;
			children = (
			);
			name = iOS;
			sourceTree = "<group>";
		};
		OBJ_14 /* Products */ = {
			isa = PBXGroup;
			children = (
				999C523D2134AFF500611308 /* CiNiiKit.framework */,
				999C52452134AFF600611308 /* CiNiiKit iOSTests.xctest */,
				9949A2C4214BDC7200FE0508 /* CiNiiKit.framework */,
				9949A2CC214BDC7200FE0508 /* CiNiiKit macOSTests.xctest */,
			);
			name = Products;
			sourceTree = BUILT_PRODUCTS_DIR;
		};
		OBJ_5 = {
			isa = PBXGroup;
			children = (
				OBJ_6 /* Package.swift */,
				999C51E02134318B00611308 /* Sources */,
				999C51F7213431B200611308 /* Supporting Files */,
				999C51EF213431A000611308 /* Tests */,
				999C52732135819400611308 /* Frameworks */,
				OBJ_14 /* Products */,
			);
			sourceTree = "<group>";
		};
/* End PBXGroup section */

/* Begin PBXHeadersBuildPhase section */
		9949A2C1214BDC7200FE0508 /* Headers */ = {
			isa = PBXHeadersBuildPhase;
			buildActionMask = 2147483647;
			files = (
			);
			runOnlyForDeploymentPostprocessing = 0;
		};
		999C523A2134AFF500611308 /* Headers */ = {
			isa = PBXHeadersBuildPhase;
			buildActionMask = 2147483647;
			files = (
			);
			runOnlyForDeploymentPostprocessing = 0;
		};
/* End PBXHeadersBuildPhase section */

/* Begin PBXNativeTarget section */
		9949A2C3214BDC7200FE0508 /* CiNiiKit macOS */ = {
			isa = PBXNativeTarget;
			buildConfigurationList = 9949A2D9214BDC7200FE0508 /* Build configuration list for PBXNativeTarget "CiNiiKit macOS" */;
			buildPhases = (
				9949A2BF214BDC7200FE0508 /* Sources */,
				9949A2C0214BDC7200FE0508 /* Frameworks */,
				9949A2C1214BDC7200FE0508 /* Headers */,
				9949A2C2214BDC7200FE0508 /* Resources */,
				9949A331214BE0BA00FE0508 /* SwiftLint Run Script */,
			);
			buildRules = (
			);
			dependencies = (
			);
			name = "CiNiiKit macOS";
			productName = "CiNiiKit macOS";
			productReference = 9949A2C4214BDC7200FE0508 /* CiNiiKit.framework */;
			productType = "com.apple.product-type.framework";
		};
		9949A2CB214BDC7200FE0508 /* CiNiiKit macOSTests */ = {
			isa = PBXNativeTarget;
			buildConfigurationList = 9949A2DA214BDC7200FE0508 /* Build configuration list for PBXNativeTarget "CiNiiKit macOSTests" */;
			buildPhases = (
				9949A2C8214BDC7200FE0508 /* Sources */,
				9949A2C9214BDC7200FE0508 /* Frameworks */,
				9949A2CA214BDC7200FE0508 /* Resources */,
			);
			buildRules = (
			);
			dependencies = (
				9949A2CF214BDC7200FE0508 /* PBXTargetDependency */,
			);
			name = "CiNiiKit macOSTests";
			productName = "CiNiiKit macOSTests";
			productReference = 9949A2CC214BDC7200FE0508 /* CiNiiKit macOSTests.xctest */;
			productType = "com.apple.product-type.bundle.unit-test";
		};
		999C523C2134AFF500611308 /* CiNiiKit iOS */ = {
			isa = PBXNativeTarget;
			buildConfigurationList = 999C524E2134AFF600611308 /* Build configuration list for PBXNativeTarget "CiNiiKit iOS" */;
			buildPhases = (
				999C52382134AFF500611308 /* Sources */,
				999C52392134AFF500611308 /* Frameworks */,
				999C523A2134AFF500611308 /* Headers */,
				999C523B2134AFF500611308 /* Resources */,
				999C52542134B0EB00611308 /* SwiftLint Run Script */,
			);
			buildRules = (
			);
			dependencies = (
			);
			name = "CiNiiKit iOS";
			productName = "CiNiiKit iOS";
			productReference = 999C523D2134AFF500611308 /* CiNiiKit.framework */;
			productType = "com.apple.product-type.framework";
		};
		999C52442134AFF500611308 /* CiNiiKit iOSTests */ = {
			isa = PBXNativeTarget;
			buildConfigurationList = 999C52512134AFF600611308 /* Build configuration list for PBXNativeTarget "CiNiiKit iOSTests" */;
			buildPhases = (
				999C52412134AFF500611308 /* Sources */,
				999C52422134AFF500611308 /* Frameworks */,
				999C52432134AFF500611308 /* Resources */,
			);
			buildRules = (
			);
			dependencies = (
				999C52482134AFF600611308 /* PBXTargetDependency */,
			);
			name = "CiNiiKit iOSTests";
			productName = "CiNiiKit iOSTests";
			productReference = 999C52452134AFF600611308 /* CiNiiKit iOSTests.xctest */;
			productType = "com.apple.product-type.bundle.unit-test";
		};
/* End PBXNativeTarget section */

/* Begin PBXProject section */
		OBJ_1 /* Project object */ = {
			isa = PBXProject;
			attributes = {
				LastSwiftUpdateCheck = 0940;
				LastUpgradeCheck = 9999;
				TargetAttributes = {
					9949A2C3214BDC7200FE0508 = {
						CreatedOnToolsVersion = 9.4.1;
						ProvisioningStyle = Manual;
					};
					9949A2CB214BDC7200FE0508 = {
						CreatedOnToolsVersion = 9.4.1;
						ProvisioningStyle = Manual;
					};
					999C523C2134AFF500611308 = {
						CreatedOnToolsVersion = 9.4.1;
						ProvisioningStyle = Manual;
					};
					999C52442134AFF500611308 = {
						CreatedOnToolsVersion = 9.4.1;
						DevelopmentTeam = Y3FSN97W3M;
						ProvisioningStyle = Automatic;
					};
				};
			};
			buildConfigurationList = OBJ_2 /* Build configuration list for PBXProject "CiNiiKit" */;
			compatibilityVersion = "Xcode 3.2";
			developmentRegion = English;
			hasScannedForEncodings = 0;
			knownRegions = (
				en,
			);
			mainGroup = OBJ_5;
			productRefGroup = OBJ_14 /* Products */;
			projectDirPath = "";
			projectRoot = "";
			targets = (
				999C523C2134AFF500611308 /* CiNiiKit iOS */,
				999C52442134AFF500611308 /* CiNiiKit iOSTests */,
				9949A2C3214BDC7200FE0508 /* CiNiiKit macOS */,
				9949A2CB214BDC7200FE0508 /* CiNiiKit macOSTests */,
			);
		};
/* End PBXProject section */

/* Begin PBXResourcesBuildPhase section */
		9949A2C2214BDC7200FE0508 /* Resources */ = {
			isa = PBXResourcesBuildPhase;
			buildActionMask = 2147483647;
			files = (
			);
			runOnlyForDeploymentPostprocessing = 0;
		};
		9949A2CA214BDC7200FE0508 /* Resources */ = {
			isa = PBXResourcesBuildPhase;
			buildActionMask = 2147483647;
			files = (
				9949A32F214BDEDB00FE0508 /* dissertations.json in Resources */,
				9949A32E214BDEDB00FE0508 /* books.json in Resources */,
				9949A32D214BDEDB00FE0508 /* articles.json in Resources */,
			);
			runOnlyForDeploymentPostprocessing = 0;
		};
		999C523B2134AFF500611308 /* Resources */ = {
			isa = PBXResourcesBuildPhase;
			buildActionMask = 2147483647;
			files = (
			);
			runOnlyForDeploymentPostprocessing = 0;
		};
		999C52432134AFF500611308 /* Resources */ = {
			isa = PBXResourcesBuildPhase;
			buildActionMask = 2147483647;
			files = (
				99D035AC2149353E001DA591 /* dissertations.json in Resources */,
				99D035AA21493361001DA591 /* books.json in Resources */,
				99D035A22148F8C4001DA591 /* articles.json in Resources */,
			);
			runOnlyForDeploymentPostprocessing = 0;
		};
/* End PBXResourcesBuildPhase section */

/* Begin PBXShellScriptBuildPhase section */
		9949A331214BE0BA00FE0508 /* SwiftLint Run Script */ = {
			isa = PBXShellScriptBuildPhase;
			buildActionMask = 2147483647;
			files = (
			);
			inputPaths = (
			);
			name = "SwiftLint Run Script";
			outputPaths = (
			);
			runOnlyForDeploymentPostprocessing = 0;
			shellPath = /bin/sh;
			shellScript = "if which swiftlint >/dev/null; then\nswiftlint\nelse\necho \"warning: SwiftLint not installed, download from https://github.com/realm/SwiftLint\"\nfi";
		};
		999C52542134B0EB00611308 /* SwiftLint Run Script */ = {
			isa = PBXShellScriptBuildPhase;
			buildActionMask = 2147483647;
			files = (
			);
			inputPaths = (
			);
			name = "SwiftLint Run Script";
			outputPaths = (
			);
			runOnlyForDeploymentPostprocessing = 0;
			shellPath = /bin/sh;
			shellScript = "if which swiftlint >/dev/null; then\nswiftlint\nelse\necho \"warning: SwiftLint not installed, download from https://github.com/realm/SwiftLint\"\nfi";
		};
/* End PBXShellScriptBuildPhase section */

/* Begin PBXSourcesBuildPhase section */
		9949A2BF214BDC7200FE0508 /* Sources */ = {
			isa = PBXSourcesBuildPhase;
			buildActionMask = 2147483647;
			files = (
				9949A31C214BDDEA00FE0508 /* Int+.swift in Sources */,
				9949A310214BDDEA00FE0508 /* API.swift in Sources */,
				9949A304214BDDEA00FE0508 /* CiNiiKitArticles.swift in Sources */,
				9949A324214BDDEA00FE0508 /* BooksModel.swift in Sources */,
				9949A30A214BDDEA00FE0508 /* ParticipantType.swift in Sources */,
				9949A322214BDDEA00FE0508 /* DissertationsModel.swift in Sources */,
				9949A2FE214BDDEA00FE0508 /* CiNiiKitBooks.swift in Sources */,
				9949A316214BDDEA00FE0508 /* OpenSearchArticles.swift in Sources */,
				9949A328214BDDEA00FE0508 /* ArticlesModel.swift in Sources */,
				9949A30E214BDDEA00FE0508 /* LanguageType.swift in Sources */,
				9949A31A214BDDEA00FE0508 /* OpenSearchBooks.swift in Sources */,
				9949A30C214BDDEA00FE0508 /* SortOrderType.swift in Sources */,
				9949A318214BDDEA00FE0508 /* OpenSearchDissertations.swift in Sources */,
				9949A320214BDDEA00FE0508 /* Operator+.swift in Sources */,
				9949A31E214BDDEA00FE0508 /* String+.swift in Sources */,
				9949A326214BDDEA00FE0508 /* OpenSearchPageable.swift in Sources */,
				9949A308214BDDEA00FE0508 /* ILLStatusType.swift in Sources */,
				9949A306214BDDEA00FE0508 /* MaterialType.swift in Sources */,
				9949A302214BDDEA00FE0508 /* CiNiiKit.swift in Sources */,
				9949A312214BDDEA00FE0508 /* ServiceStatusType.swift in Sources */,
				9949A300214BDDEA00FE0508 /* CiNiiKitDissertations.swift in Sources */,
				9949A2FC214BDDEA00FE0508 /* ErrorHandring.swift in Sources */,
				9949A314214BDDEA00FE0508 /* RangeType.swift in Sources */,
			);
			runOnlyForDeploymentPostprocessing = 0;
		};
		9949A2C8214BDC7200FE0508 /* Sources */ = {
			isa = PBXSourcesBuildPhase;
			buildActionMask = 2147483647;
			files = (
				9949A2DB214BDDBD00FE0508 /* CiNiiKitDecodeTests.swift in Sources */,
				9949A2DC214BDDC000FE0508 /* CiNiiKitTests.swift in Sources */,
				9949A2DD214BDDC200FE0508 /* Helper.swift in Sources */,
			);
			runOnlyForDeploymentPostprocessing = 0;
		};
		999C52382134AFF500611308 /* Sources */ = {
			isa = PBXSourcesBuildPhase;
			buildActionMask = 2147483647;
			files = (
				9949A31B214BDDEA00FE0508 /* Int+.swift in Sources */,
				9949A30F214BDDEA00FE0508 /* API.swift in Sources */,
				9949A303214BDDEA00FE0508 /* CiNiiKitArticles.swift in Sources */,
				9949A323214BDDEA00FE0508 /* BooksModel.swift in Sources */,
				9949A309214BDDEA00FE0508 /* ParticipantType.swift in Sources */,
				9949A321214BDDEA00FE0508 /* DissertationsModel.swift in Sources */,
				9949A2FD214BDDEA00FE0508 /* CiNiiKitBooks.swift in Sources */,
				9949A315214BDDEA00FE0508 /* OpenSearchArticles.swift in Sources */,
				9949A327214BDDEA00FE0508 /* ArticlesModel.swift in Sources */,
				9949A30D214BDDEA00FE0508 /* LanguageType.swift in Sources */,
				9949A319214BDDEA00FE0508 /* OpenSearchBooks.swift in Sources */,
				9949A30B214BDDEA00FE0508 /* SortOrderType.swift in Sources */,
				9949A317214BDDEA00FE0508 /* OpenSearchDissertations.swift in Sources */,
				9949A31F214BDDEA00FE0508 /* Operator+.swift in Sources */,
				9949A31D214BDDEA00FE0508 /* String+.swift in Sources */,
				9949A325214BDDEA00FE0508 /* OpenSearchPageable.swift in Sources */,
				9949A307214BDDEA00FE0508 /* ILLStatusType.swift in Sources */,
				9949A305214BDDEA00FE0508 /* MaterialType.swift in Sources */,
				9949A301214BDDEA00FE0508 /* CiNiiKit.swift in Sources */,
				9949A311214BDDEA00FE0508 /* ServiceStatusType.swift in Sources */,
				9949A2FF214BDDEA00FE0508 /* CiNiiKitDissertations.swift in Sources */,
				9949A2FB214BDDEA00FE0508 /* ErrorHandring.swift in Sources */,
				9949A313214BDDEA00FE0508 /* RangeType.swift in Sources */,
			);
			runOnlyForDeploymentPostprocessing = 0;
		};
		999C52412134AFF500611308 /* Sources */ = {
			isa = PBXSourcesBuildPhase;
			buildActionMask = 2147483647;
			files = (
				999C52572134B14800611308 /* CiNiiKitTests.swift in Sources */,
				99D035A8214927C9001DA591 /* CiNiiKitDecodeTests.swift in Sources */,
				99D035A421490636001DA591 /* Helper.swift in Sources */,
			);
			runOnlyForDeploymentPostprocessing = 0;
		};
/* End PBXSourcesBuildPhase section */

/* Begin PBXTargetDependency section */
		9949A2CF214BDC7200FE0508 /* PBXTargetDependency */ = {
			isa = PBXTargetDependency;
			target = 9949A2C3214BDC7200FE0508 /* CiNiiKit macOS */;
			targetProxy = 9949A2CE214BDC7200FE0508 /* PBXContainerItemProxy */;
		};
		999C52482134AFF600611308 /* PBXTargetDependency */ = {
			isa = PBXTargetDependency;
			target = 999C523C2134AFF500611308 /* CiNiiKit iOS */;
			targetProxy = 999C52472134AFF600611308 /* PBXContainerItemProxy */;
		};
/* End PBXTargetDependency section */

/* Begin XCBuildConfiguration section */
		9949A2D5214BDC7200FE0508 /* Debug */ = {
			isa = XCBuildConfiguration;
			buildSettings = {
				ALWAYS_SEARCH_USER_PATHS = NO;
				CLANG_ANALYZER_NONNULL = YES;
				CLANG_ANALYZER_NUMBER_OBJECT_CONVERSION = YES_AGGRESSIVE;
				CLANG_CXX_LANGUAGE_STANDARD = "gnu++14";
				CLANG_CXX_LIBRARY = "libc++";
				CLANG_ENABLE_MODULES = YES;
				CLANG_ENABLE_OBJC_WEAK = YES;
				CLANG_WARN_BLOCK_CAPTURE_AUTORELEASING = YES;
				CLANG_WARN_BOOL_CONVERSION = YES;
				CLANG_WARN_COMMA = YES;
				CLANG_WARN_CONSTANT_CONVERSION = YES;
				CLANG_WARN_DEPRECATED_OBJC_IMPLEMENTATIONS = YES;
				CLANG_WARN_DIRECT_OBJC_ISA_USAGE = YES_ERROR;
				CLANG_WARN_DOCUMENTATION_COMMENTS = YES;
				CLANG_WARN_EMPTY_BODY = YES;
				CLANG_WARN_ENUM_CONVERSION = YES;
				CLANG_WARN_INFINITE_RECURSION = YES;
				CLANG_WARN_INT_CONVERSION = YES;
				CLANG_WARN_NON_LITERAL_NULL_CONVERSION = YES;
				CLANG_WARN_OBJC_IMPLICIT_RETAIN_SELF = YES;
				CLANG_WARN_OBJC_LITERAL_CONVERSION = YES;
				CLANG_WARN_OBJC_ROOT_CLASS = YES_ERROR;
				CLANG_WARN_RANGE_LOOP_ANALYSIS = YES;
				CLANG_WARN_STRICT_PROTOTYPES = YES;
				CLANG_WARN_SUSPICIOUS_MOVE = YES;
				CLANG_WARN_UNGUARDED_AVAILABILITY = YES_AGGRESSIVE;
				CLANG_WARN_UNREACHABLE_CODE = YES;
				CLANG_WARN__DUPLICATE_METHOD_MATCH = YES;
				CODE_SIGN_IDENTITY = "Mac Developer";
				CODE_SIGN_STYLE = Manual;
				COMBINE_HIDPI_IMAGES = YES;
				CURRENT_PROJECT_VERSION = 1;
				DEFINES_MODULE = YES;
				DEVELOPMENT_TEAM = "";
				DYLIB_COMPATIBILITY_VERSION = 1;
				DYLIB_CURRENT_VERSION = 1;
				DYLIB_INSTALL_NAME_BASE = "@rpath";
				ENABLE_STRICT_OBJC_MSGSEND = YES;
				ENABLE_TESTABILITY = YES;
				FRAMEWORK_SEARCH_PATHS = (
					"$(inherited)",
					"$(PROJECT_DIR)/Carthage/Build/Mac",
				);
				FRAMEWORK_VERSION = A;
				GCC_C_LANGUAGE_STANDARD = gnu11;
				GCC_DYNAMIC_NO_PIC = NO;
				GCC_NO_COMMON_BLOCKS = YES;
				GCC_OPTIMIZATION_LEVEL = fast;
				GCC_PREPROCESSOR_DEFINITIONS = (
					"DEBUG=1",
					"$(inherited)",
				);
				GCC_WARN_64_TO_32_BIT_CONVERSION = YES;
				GCC_WARN_ABOUT_RETURN_TYPE = YES_ERROR;
				GCC_WARN_UNDECLARED_SELECTOR = YES;
				GCC_WARN_UNINITIALIZED_AUTOS = YES_AGGRESSIVE;
				GCC_WARN_UNUSED_FUNCTION = YES;
				GCC_WARN_UNUSED_VARIABLE = YES;
				INFOPLIST_FILE = Sources/Info.plist;
				INSTALL_PATH = "$(LOCAL_LIBRARY_DIR)/Frameworks";
				LD_RUNPATH_SEARCH_PATHS = "$(inherited) @executable_path/../Frameworks @loader_path/Frameworks $(FRAMEWORK_SEARCH_PATHS)";
				MACOSX_DEPLOYMENT_TARGET = 10.13;
				MTL_ENABLE_DEBUG_INFO = YES;
				PRODUCT_BUNDLE_IDENTIFIER = "com.ym.CiNiiKit-macOS";
				PRODUCT_NAME = CiNiiKit;
				PROVISIONING_PROFILE_SPECIFIER = "";
				SKIP_INSTALL = YES;
				SUPPORTED_PLATFORMS = macosx;
				SWIFT_ACTIVE_COMPILATION_CONDITIONS = DEBUG;
				SWIFT_OPTIMIZATION_LEVEL = "-O";
				SWIFT_VERSION = 4.0;
				VERSIONING_SYSTEM = "apple-generic";
				VERSION_INFO_PREFIX = "";
			};
			name = Debug;
		};
		9949A2D6214BDC7200FE0508 /* Release */ = {
			isa = XCBuildConfiguration;
			buildSettings = {
				ALWAYS_SEARCH_USER_PATHS = NO;
				CLANG_ANALYZER_NONNULL = YES;
				CLANG_ANALYZER_NUMBER_OBJECT_CONVERSION = YES_AGGRESSIVE;
				CLANG_CXX_LANGUAGE_STANDARD = "gnu++14";
				CLANG_CXX_LIBRARY = "libc++";
				CLANG_ENABLE_MODULES = YES;
				CLANG_ENABLE_OBJC_WEAK = YES;
				CLANG_WARN_BLOCK_CAPTURE_AUTORELEASING = YES;
				CLANG_WARN_BOOL_CONVERSION = YES;
				CLANG_WARN_COMMA = YES;
				CLANG_WARN_CONSTANT_CONVERSION = YES;
				CLANG_WARN_DEPRECATED_OBJC_IMPLEMENTATIONS = YES;
				CLANG_WARN_DIRECT_OBJC_ISA_USAGE = YES_ERROR;
				CLANG_WARN_DOCUMENTATION_COMMENTS = YES;
				CLANG_WARN_EMPTY_BODY = YES;
				CLANG_WARN_ENUM_CONVERSION = YES;
				CLANG_WARN_INFINITE_RECURSION = YES;
				CLANG_WARN_INT_CONVERSION = YES;
				CLANG_WARN_NON_LITERAL_NULL_CONVERSION = YES;
				CLANG_WARN_OBJC_IMPLICIT_RETAIN_SELF = YES;
				CLANG_WARN_OBJC_LITERAL_CONVERSION = YES;
				CLANG_WARN_OBJC_ROOT_CLASS = YES_ERROR;
				CLANG_WARN_RANGE_LOOP_ANALYSIS = YES;
				CLANG_WARN_STRICT_PROTOTYPES = YES;
				CLANG_WARN_SUSPICIOUS_MOVE = YES;
				CLANG_WARN_UNGUARDED_AVAILABILITY = YES_AGGRESSIVE;
				CLANG_WARN_UNREACHABLE_CODE = YES;
				CLANG_WARN__DUPLICATE_METHOD_MATCH = YES;
				CODE_SIGN_IDENTITY = "Mac Developer";
				CODE_SIGN_STYLE = Manual;
				COMBINE_HIDPI_IMAGES = YES;
				COPY_PHASE_STRIP = NO;
				CURRENT_PROJECT_VERSION = 1;
				DEFINES_MODULE = YES;
				DEVELOPMENT_TEAM = "";
				DYLIB_COMPATIBILITY_VERSION = 1;
				DYLIB_CURRENT_VERSION = 1;
				DYLIB_INSTALL_NAME_BASE = "@rpath";
				ENABLE_NS_ASSERTIONS = NO;
				ENABLE_STRICT_OBJC_MSGSEND = YES;
				FRAMEWORK_SEARCH_PATHS = (
					"$(inherited)",
					"$(PROJECT_DIR)/Carthage/Build/Mac",
				);
				FRAMEWORK_VERSION = A;
				GCC_C_LANGUAGE_STANDARD = gnu11;
				GCC_NO_COMMON_BLOCKS = YES;
				GCC_OPTIMIZATION_LEVEL = fast;
				GCC_WARN_64_TO_32_BIT_CONVERSION = YES;
				GCC_WARN_ABOUT_RETURN_TYPE = YES_ERROR;
				GCC_WARN_UNDECLARED_SELECTOR = YES;
				GCC_WARN_UNINITIALIZED_AUTOS = YES_AGGRESSIVE;
				GCC_WARN_UNUSED_FUNCTION = YES;
				GCC_WARN_UNUSED_VARIABLE = YES;
				INFOPLIST_FILE = Sources/Info.plist;
				INSTALL_PATH = "$(LOCAL_LIBRARY_DIR)/Frameworks";
				LD_RUNPATH_SEARCH_PATHS = "$(inherited) @executable_path/../Frameworks @loader_path/Frameworks $(FRAMEWORK_SEARCH_PATHS)";
				MACOSX_DEPLOYMENT_TARGET = 10.13;
				MTL_ENABLE_DEBUG_INFO = NO;
				PRODUCT_BUNDLE_IDENTIFIER = "com.ym.CiNiiKit-macOS";
				PRODUCT_NAME = CiNiiKit;
				PROVISIONING_PROFILE_SPECIFIER = "";
				SKIP_INSTALL = YES;
				SUPPORTED_PLATFORMS = macosx;
				SWIFT_VERSION = 4.0;
				VERSIONING_SYSTEM = "apple-generic";
				VERSION_INFO_PREFIX = "";
			};
			name = Release;
		};
		9949A2D7214BDC7200FE0508 /* Debug */ = {
			isa = XCBuildConfiguration;
			buildSettings = {
				ALWAYS_EMBED_SWIFT_STANDARD_LIBRARIES = YES;
				ALWAYS_SEARCH_USER_PATHS = NO;
				CLANG_ANALYZER_NONNULL = YES;
				CLANG_ANALYZER_NUMBER_OBJECT_CONVERSION = YES_AGGRESSIVE;
				CLANG_CXX_LANGUAGE_STANDARD = "gnu++14";
				CLANG_CXX_LIBRARY = "libc++";
				CLANG_ENABLE_MODULES = YES;
				CLANG_ENABLE_OBJC_WEAK = YES;
				CLANG_WARN_BLOCK_CAPTURE_AUTORELEASING = YES;
				CLANG_WARN_BOOL_CONVERSION = YES;
				CLANG_WARN_COMMA = YES;
				CLANG_WARN_CONSTANT_CONVERSION = YES;
				CLANG_WARN_DEPRECATED_OBJC_IMPLEMENTATIONS = YES;
				CLANG_WARN_DIRECT_OBJC_ISA_USAGE = YES_ERROR;
				CLANG_WARN_DOCUMENTATION_COMMENTS = YES;
				CLANG_WARN_EMPTY_BODY = YES;
				CLANG_WARN_ENUM_CONVERSION = YES;
				CLANG_WARN_INFINITE_RECURSION = YES;
				CLANG_WARN_INT_CONVERSION = YES;
				CLANG_WARN_NON_LITERAL_NULL_CONVERSION = YES;
				CLANG_WARN_OBJC_IMPLICIT_RETAIN_SELF = YES;
				CLANG_WARN_OBJC_LITERAL_CONVERSION = YES;
				CLANG_WARN_OBJC_ROOT_CLASS = YES_ERROR;
				CLANG_WARN_RANGE_LOOP_ANALYSIS = YES;
				CLANG_WARN_STRICT_PROTOTYPES = YES;
				CLANG_WARN_SUSPICIOUS_MOVE = YES;
				CLANG_WARN_UNGUARDED_AVAILABILITY = YES_AGGRESSIVE;
				CLANG_WARN_UNREACHABLE_CODE = YES;
				CLANG_WARN__DUPLICATE_METHOD_MATCH = YES;
				CODE_SIGN_IDENTITY = "Mac Developer";
				CODE_SIGN_STYLE = Manual;
				COMBINE_HIDPI_IMAGES = YES;
				DEVELOPMENT_TEAM = "";
				ENABLE_STRICT_OBJC_MSGSEND = YES;
				ENABLE_TESTABILITY = YES;
				FRAMEWORK_SEARCH_PATHS = (
					"$(inherited)",
					"$(PROJECT_DIR)/Carthage/Build/Mac",
				);
				GCC_C_LANGUAGE_STANDARD = gnu11;
				GCC_DYNAMIC_NO_PIC = NO;
				GCC_NO_COMMON_BLOCKS = YES;
				GCC_OPTIMIZATION_LEVEL = fast;
				GCC_PREPROCESSOR_DEFINITIONS = (
					"DEBUG=1",
					"$(inherited)",
				);
				GCC_WARN_64_TO_32_BIT_CONVERSION = YES;
				GCC_WARN_ABOUT_RETURN_TYPE = YES_ERROR;
				GCC_WARN_UNDECLARED_SELECTOR = YES;
				GCC_WARN_UNINITIALIZED_AUTOS = YES_AGGRESSIVE;
				GCC_WARN_UNUSED_FUNCTION = YES;
				GCC_WARN_UNUSED_VARIABLE = YES;
				INFOPLIST_FILE = Tests/Info.plist;
				LD_RUNPATH_SEARCH_PATHS = "$(inherited) @executable_path/../Frameworks @loader_path/../Frameworks";
				MACOSX_DEPLOYMENT_TARGET = 10.13;
				MTL_ENABLE_DEBUG_INFO = YES;
				PRODUCT_BUNDLE_IDENTIFIER = "com.ym.CiNiiKit-macOSTests";
				PRODUCT_NAME = "$(TARGET_NAME)";
				PROVISIONING_PROFILE_SPECIFIER = "";
				SUPPORTED_PLATFORMS = macosx;
				SWIFT_ACTIVE_COMPILATION_CONDITIONS = DEBUG;
				SWIFT_OPTIMIZATION_LEVEL = "-O";
				SWIFT_VERSION = 4.0;
			};
			name = Debug;
		};
		9949A2D8214BDC7200FE0508 /* Release */ = {
			isa = XCBuildConfiguration;
			buildSettings = {
				ALWAYS_EMBED_SWIFT_STANDARD_LIBRARIES = YES;
				ALWAYS_SEARCH_USER_PATHS = NO;
				CLANG_ANALYZER_NONNULL = YES;
				CLANG_ANALYZER_NUMBER_OBJECT_CONVERSION = YES_AGGRESSIVE;
				CLANG_CXX_LANGUAGE_STANDARD = "gnu++14";
				CLANG_CXX_LIBRARY = "libc++";
				CLANG_ENABLE_MODULES = YES;
				CLANG_ENABLE_OBJC_WEAK = YES;
				CLANG_WARN_BLOCK_CAPTURE_AUTORELEASING = YES;
				CLANG_WARN_BOOL_CONVERSION = YES;
				CLANG_WARN_COMMA = YES;
				CLANG_WARN_CONSTANT_CONVERSION = YES;
				CLANG_WARN_DEPRECATED_OBJC_IMPLEMENTATIONS = YES;
				CLANG_WARN_DIRECT_OBJC_ISA_USAGE = YES_ERROR;
				CLANG_WARN_DOCUMENTATION_COMMENTS = YES;
				CLANG_WARN_EMPTY_BODY = YES;
				CLANG_WARN_ENUM_CONVERSION = YES;
				CLANG_WARN_INFINITE_RECURSION = YES;
				CLANG_WARN_INT_CONVERSION = YES;
				CLANG_WARN_NON_LITERAL_NULL_CONVERSION = YES;
				CLANG_WARN_OBJC_IMPLICIT_RETAIN_SELF = YES;
				CLANG_WARN_OBJC_LITERAL_CONVERSION = YES;
				CLANG_WARN_OBJC_ROOT_CLASS = YES_ERROR;
				CLANG_WARN_RANGE_LOOP_ANALYSIS = YES;
				CLANG_WARN_STRICT_PROTOTYPES = YES;
				CLANG_WARN_SUSPICIOUS_MOVE = YES;
				CLANG_WARN_UNGUARDED_AVAILABILITY = YES_AGGRESSIVE;
				CLANG_WARN_UNREACHABLE_CODE = YES;
				CLANG_WARN__DUPLICATE_METHOD_MATCH = YES;
				CODE_SIGN_IDENTITY = "Mac Developer";
				CODE_SIGN_STYLE = Manual;
				COMBINE_HIDPI_IMAGES = YES;
				COPY_PHASE_STRIP = NO;
				DEVELOPMENT_TEAM = "";
				ENABLE_NS_ASSERTIONS = NO;
				ENABLE_STRICT_OBJC_MSGSEND = YES;
				FRAMEWORK_SEARCH_PATHS = (
					"$(inherited)",
					"$(PROJECT_DIR)/Carthage/Build/Mac",
				);
				GCC_C_LANGUAGE_STANDARD = gnu11;
				GCC_NO_COMMON_BLOCKS = YES;
				GCC_OPTIMIZATION_LEVEL = fast;
				GCC_WARN_64_TO_32_BIT_CONVERSION = YES;
				GCC_WARN_ABOUT_RETURN_TYPE = YES_ERROR;
				GCC_WARN_UNDECLARED_SELECTOR = YES;
				GCC_WARN_UNINITIALIZED_AUTOS = YES_AGGRESSIVE;
				GCC_WARN_UNUSED_FUNCTION = YES;
				GCC_WARN_UNUSED_VARIABLE = YES;
				INFOPLIST_FILE = Tests/Info.plist;
				LD_RUNPATH_SEARCH_PATHS = "$(inherited) @executable_path/../Frameworks @loader_path/../Frameworks";
				MACOSX_DEPLOYMENT_TARGET = 10.13;
				MTL_ENABLE_DEBUG_INFO = NO;
				PRODUCT_BUNDLE_IDENTIFIER = "com.ym.CiNiiKit-macOSTests";
				PRODUCT_NAME = "$(TARGET_NAME)";
				PROVISIONING_PROFILE_SPECIFIER = "";
				SUPPORTED_PLATFORMS = macosx;
				SWIFT_OPTIMIZATION_LEVEL = "-O";
				SWIFT_VERSION = 4.0;
			};
			name = Release;
		};
		999C524F2134AFF600611308 /* Debug */ = {
			isa = XCBuildConfiguration;
			buildSettings = {
				ALWAYS_SEARCH_USER_PATHS = NO;
				CLANG_ANALYZER_NONNULL = YES;
				CLANG_ANALYZER_NUMBER_OBJECT_CONVERSION = YES_AGGRESSIVE;
				CLANG_CXX_LANGUAGE_STANDARD = "gnu++14";
				CLANG_CXX_LIBRARY = "libc++";
				CLANG_ENABLE_MODULES = YES;
				CLANG_ENABLE_OBJC_WEAK = YES;
				CLANG_WARN_BLOCK_CAPTURE_AUTORELEASING = YES;
				CLANG_WARN_BOOL_CONVERSION = YES;
				CLANG_WARN_COMMA = YES;
				CLANG_WARN_CONSTANT_CONVERSION = YES;
				CLANG_WARN_DEPRECATED_OBJC_IMPLEMENTATIONS = YES;
				CLANG_WARN_DIRECT_OBJC_ISA_USAGE = YES_ERROR;
				CLANG_WARN_DOCUMENTATION_COMMENTS = YES;
				CLANG_WARN_EMPTY_BODY = YES;
				CLANG_WARN_ENUM_CONVERSION = YES;
				CLANG_WARN_INFINITE_RECURSION = YES;
				CLANG_WARN_INT_CONVERSION = YES;
				CLANG_WARN_NON_LITERAL_NULL_CONVERSION = YES;
				CLANG_WARN_OBJC_IMPLICIT_RETAIN_SELF = YES;
				CLANG_WARN_OBJC_LITERAL_CONVERSION = YES;
				CLANG_WARN_OBJC_ROOT_CLASS = YES_ERROR;
				CLANG_WARN_RANGE_LOOP_ANALYSIS = YES;
				CLANG_WARN_STRICT_PROTOTYPES = YES;
				CLANG_WARN_SUSPICIOUS_MOVE = YES;
				CLANG_WARN_UNGUARDED_AVAILABILITY = YES_AGGRESSIVE;
				CLANG_WARN_UNREACHABLE_CODE = YES;
				CLANG_WARN__DUPLICATE_METHOD_MATCH = YES;
				CODE_SIGN_IDENTITY = "iPhone Developer";
				CODE_SIGN_STYLE = Manual;
				CURRENT_PROJECT_VERSION = 1;
				DEFINES_MODULE = YES;
				DEVELOPMENT_TEAM = "";
				DYLIB_COMPATIBILITY_VERSION = 1;
				DYLIB_CURRENT_VERSION = 1;
				DYLIB_INSTALL_NAME_BASE = "@rpath";
				ENABLE_STRICT_OBJC_MSGSEND = YES;
				ENABLE_TESTABILITY = YES;
				FRAMEWORK_SEARCH_PATHS = (
					"$(inherited)",
					"$(PROJECT_DIR)/Carthage/Build/iOS",
				);
				GCC_C_LANGUAGE_STANDARD = gnu11;
				GCC_DYNAMIC_NO_PIC = NO;
				GCC_NO_COMMON_BLOCKS = YES;
				GCC_OPTIMIZATION_LEVEL = fast;
				GCC_PREPROCESSOR_DEFINITIONS = (
					"DEBUG=1",
					"$(inherited)",
				);
				GCC_WARN_64_TO_32_BIT_CONVERSION = YES;
				GCC_WARN_ABOUT_RETURN_TYPE = YES_ERROR;
				GCC_WARN_UNDECLARED_SELECTOR = YES;
				GCC_WARN_UNINITIALIZED_AUTOS = YES_AGGRESSIVE;
				GCC_WARN_UNUSED_FUNCTION = YES;
				GCC_WARN_UNUSED_VARIABLE = YES;
				INFOPLIST_FILE = Sources/Info.plist;
				INSTALL_PATH = "$(LOCAL_LIBRARY_DIR)/Frameworks";
				IPHONEOS_DEPLOYMENT_TARGET = 10.0;
				LD_RUNPATH_SEARCH_PATHS = "$(inherited) @executable_path/Frameworks @loader_path/Frameworks $(FRAMEWORK_SEARCH_PATHS)";
				MTL_ENABLE_DEBUG_INFO = YES;
				PRODUCT_BUNDLE_IDENTIFIER = "com.ym.CiNiiKit-iOS";
				PRODUCT_NAME = CiNiiKit;
				PROVISIONING_PROFILE_SPECIFIER = "";
				SDKROOT = iphoneos10.0;
				SKIP_INSTALL = YES;
				SUPPORTED_PLATFORMS = "iphonesimulator iphoneos";
				SWIFT_ACTIVE_COMPILATION_CONDITIONS = DEBUG;
				SWIFT_OPTIMIZATION_LEVEL = "-O";
				SWIFT_VERSION = 4.0;
				TARGETED_DEVICE_FAMILY = "1,2";
				VERSIONING_SYSTEM = "apple-generic";
				VERSION_INFO_PREFIX = "";
			};
			name = Debug;
		};
		999C52502134AFF600611308 /* Release */ = {
			isa = XCBuildConfiguration;
			buildSettings = {
				ALWAYS_SEARCH_USER_PATHS = NO;
				CLANG_ANALYZER_NONNULL = YES;
				CLANG_ANALYZER_NUMBER_OBJECT_CONVERSION = YES_AGGRESSIVE;
				CLANG_CXX_LANGUAGE_STANDARD = "gnu++14";
				CLANG_CXX_LIBRARY = "libc++";
				CLANG_ENABLE_MODULES = YES;
				CLANG_ENABLE_OBJC_WEAK = YES;
				CLANG_WARN_BLOCK_CAPTURE_AUTORELEASING = YES;
				CLANG_WARN_BOOL_CONVERSION = YES;
				CLANG_WARN_COMMA = YES;
				CLANG_WARN_CONSTANT_CONVERSION = YES;
				CLANG_WARN_DEPRECATED_OBJC_IMPLEMENTATIONS = YES;
				CLANG_WARN_DIRECT_OBJC_ISA_USAGE = YES_ERROR;
				CLANG_WARN_DOCUMENTATION_COMMENTS = YES;
				CLANG_WARN_EMPTY_BODY = YES;
				CLANG_WARN_ENUM_CONVERSION = YES;
				CLANG_WARN_INFINITE_RECURSION = YES;
				CLANG_WARN_INT_CONVERSION = YES;
				CLANG_WARN_NON_LITERAL_NULL_CONVERSION = YES;
				CLANG_WARN_OBJC_IMPLICIT_RETAIN_SELF = YES;
				CLANG_WARN_OBJC_LITERAL_CONVERSION = YES;
				CLANG_WARN_OBJC_ROOT_CLASS = YES_ERROR;
				CLANG_WARN_RANGE_LOOP_ANALYSIS = YES;
				CLANG_WARN_STRICT_PROTOTYPES = YES;
				CLANG_WARN_SUSPICIOUS_MOVE = YES;
				CLANG_WARN_UNGUARDED_AVAILABILITY = YES_AGGRESSIVE;
				CLANG_WARN_UNREACHABLE_CODE = YES;
				CLANG_WARN__DUPLICATE_METHOD_MATCH = YES;
				CODE_SIGN_IDENTITY = "iPhone Developer";
				CODE_SIGN_STYLE = Manual;
				COPY_PHASE_STRIP = NO;
				CURRENT_PROJECT_VERSION = 1;
				DEFINES_MODULE = YES;
				DEVELOPMENT_TEAM = "";
				DYLIB_COMPATIBILITY_VERSION = 1;
				DYLIB_CURRENT_VERSION = 1;
				DYLIB_INSTALL_NAME_BASE = "@rpath";
				ENABLE_NS_ASSERTIONS = NO;
				ENABLE_STRICT_OBJC_MSGSEND = YES;
				FRAMEWORK_SEARCH_PATHS = (
					"$(inherited)",
					"$(PROJECT_DIR)/Carthage/Build/iOS",
				);
				GCC_C_LANGUAGE_STANDARD = gnu11;
				GCC_NO_COMMON_BLOCKS = YES;
				GCC_OPTIMIZATION_LEVEL = fast;
				GCC_WARN_64_TO_32_BIT_CONVERSION = YES;
				GCC_WARN_ABOUT_RETURN_TYPE = YES_ERROR;
				GCC_WARN_UNDECLARED_SELECTOR = YES;
				GCC_WARN_UNINITIALIZED_AUTOS = YES_AGGRESSIVE;
				GCC_WARN_UNUSED_FUNCTION = YES;
				GCC_WARN_UNUSED_VARIABLE = YES;
				INFOPLIST_FILE = Sources/Info.plist;
				INSTALL_PATH = "$(LOCAL_LIBRARY_DIR)/Frameworks";
				IPHONEOS_DEPLOYMENT_TARGET = 10.0;
				LD_RUNPATH_SEARCH_PATHS = "$(inherited) @executable_path/Frameworks @loader_path/Frameworks $(FRAMEWORK_SEARCH_PATHS)";
				MTL_ENABLE_DEBUG_INFO = NO;
				PRODUCT_BUNDLE_IDENTIFIER = "com.ym.CiNiiKit-iOS";
				PRODUCT_NAME = CiNiiKit;
				PROVISIONING_PROFILE_SPECIFIER = "";
				SDKROOT = iphoneos10.0;
				SKIP_INSTALL = YES;
				SUPPORTED_PLATFORMS = "iphonesimulator iphoneos";
				SWIFT_OPTIMIZATION_LEVEL = "-O";
				SWIFT_VERSION = 4.0;
				TARGETED_DEVICE_FAMILY = "1,2";
				VALIDATE_PRODUCT = YES;
				VERSIONING_SYSTEM = "apple-generic";
				VERSION_INFO_PREFIX = "";
			};
			name = Release;
		};
		999C52522134AFF600611308 /* Debug */ = {
			isa = XCBuildConfiguration;
			buildSettings = {
				ALWAYS_EMBED_SWIFT_STANDARD_LIBRARIES = YES;
				ALWAYS_SEARCH_USER_PATHS = NO;
				CLANG_ANALYZER_NONNULL = YES;
				CLANG_ANALYZER_NUMBER_OBJECT_CONVERSION = YES_AGGRESSIVE;
				CLANG_CXX_LANGUAGE_STANDARD = "gnu++14";
				CLANG_CXX_LIBRARY = "libc++";
				CLANG_ENABLE_MODULES = YES;
				CLANG_ENABLE_OBJC_WEAK = YES;
				CLANG_WARN_BLOCK_CAPTURE_AUTORELEASING = YES;
				CLANG_WARN_BOOL_CONVERSION = YES;
				CLANG_WARN_COMMA = YES;
				CLANG_WARN_CONSTANT_CONVERSION = YES;
				CLANG_WARN_DEPRECATED_OBJC_IMPLEMENTATIONS = YES;
				CLANG_WARN_DIRECT_OBJC_ISA_USAGE = YES_ERROR;
				CLANG_WARN_DOCUMENTATION_COMMENTS = YES;
				CLANG_WARN_EMPTY_BODY = YES;
				CLANG_WARN_ENUM_CONVERSION = YES;
				CLANG_WARN_INFINITE_RECURSION = YES;
				CLANG_WARN_INT_CONVERSION = YES;
				CLANG_WARN_NON_LITERAL_NULL_CONVERSION = YES;
				CLANG_WARN_OBJC_IMPLICIT_RETAIN_SELF = YES;
				CLANG_WARN_OBJC_LITERAL_CONVERSION = YES;
				CLANG_WARN_OBJC_ROOT_CLASS = YES_ERROR;
				CLANG_WARN_RANGE_LOOP_ANALYSIS = YES;
				CLANG_WARN_STRICT_PROTOTYPES = YES;
				CLANG_WARN_SUSPICIOUS_MOVE = YES;
				CLANG_WARN_UNGUARDED_AVAILABILITY = YES_AGGRESSIVE;
				CLANG_WARN_UNREACHABLE_CODE = YES;
				CLANG_WARN__DUPLICATE_METHOD_MATCH = YES;
				CODE_SIGN_IDENTITY = "iPhone Developer";
				CODE_SIGN_STYLE = Automatic;
				DEVELOPMENT_TEAM = Y3FSN97W3M;
				ENABLE_STRICT_OBJC_MSGSEND = YES;
				ENABLE_TESTABILITY = YES;
				FRAMEWORK_SEARCH_PATHS = (
					"$(inherited)",
					"$(PROJECT_DIR)/Carthage/Build/iOS",
				);
				GCC_C_LANGUAGE_STANDARD = gnu11;
				GCC_DYNAMIC_NO_PIC = NO;
				GCC_NO_COMMON_BLOCKS = YES;
				GCC_OPTIMIZATION_LEVEL = fast;
				GCC_PREPROCESSOR_DEFINITIONS = (
					"DEBUG=1",
					"$(inherited)",
				);
				GCC_WARN_64_TO_32_BIT_CONVERSION = YES;
				GCC_WARN_ABOUT_RETURN_TYPE = YES_ERROR;
				GCC_WARN_UNDECLARED_SELECTOR = YES;
				GCC_WARN_UNINITIALIZED_AUTOS = YES_AGGRESSIVE;
				GCC_WARN_UNUSED_FUNCTION = YES;
				GCC_WARN_UNUSED_VARIABLE = YES;
				INFOPLIST_FILE = Tests/Info.plist;
				IPHONEOS_DEPLOYMENT_TARGET = 10.0;
				LD_RUNPATH_SEARCH_PATHS = "$(inherited) @executable_path/Frameworks @loader_path/Frameworks";
				MTL_ENABLE_DEBUG_INFO = YES;
				PRODUCT_BUNDLE_IDENTIFIER = "com.ym.CiNiiKit-iOSTests";
				PRODUCT_NAME = "$(TARGET_NAME)";
				SDKROOT = iphoneos10.0;
				SUPPORTED_PLATFORMS = "iphonesimulator iphoneos";
				SWIFT_ACTIVE_COMPILATION_CONDITIONS = DEBUG;
				SWIFT_OPTIMIZATION_LEVEL = "-O";
				SWIFT_VERSION = 4.0;
				TARGETED_DEVICE_FAMILY = "1,2";
			};
			name = Debug;
		};
		999C52532134AFF600611308 /* Release */ = {
			isa = XCBuildConfiguration;
			buildSettings = {
				ALWAYS_EMBED_SWIFT_STANDARD_LIBRARIES = YES;
				ALWAYS_SEARCH_USER_PATHS = NO;
				CLANG_ANALYZER_NONNULL = YES;
				CLANG_ANALYZER_NUMBER_OBJECT_CONVERSION = YES_AGGRESSIVE;
				CLANG_CXX_LANGUAGE_STANDARD = "gnu++14";
				CLANG_CXX_LIBRARY = "libc++";
				CLANG_ENABLE_MODULES = YES;
				CLANG_ENABLE_OBJC_WEAK = YES;
				CLANG_WARN_BLOCK_CAPTURE_AUTORELEASING = YES;
				CLANG_WARN_BOOL_CONVERSION = YES;
				CLANG_WARN_COMMA = YES;
				CLANG_WARN_CONSTANT_CONVERSION = YES;
				CLANG_WARN_DEPRECATED_OBJC_IMPLEMENTATIONS = YES;
				CLANG_WARN_DIRECT_OBJC_ISA_USAGE = YES_ERROR;
				CLANG_WARN_DOCUMENTATION_COMMENTS = YES;
				CLANG_WARN_EMPTY_BODY = YES;
				CLANG_WARN_ENUM_CONVERSION = YES;
				CLANG_WARN_INFINITE_RECURSION = YES;
				CLANG_WARN_INT_CONVERSION = YES;
				CLANG_WARN_NON_LITERAL_NULL_CONVERSION = YES;
				CLANG_WARN_OBJC_IMPLICIT_RETAIN_SELF = YES;
				CLANG_WARN_OBJC_LITERAL_CONVERSION = YES;
				CLANG_WARN_OBJC_ROOT_CLASS = YES_ERROR;
				CLANG_WARN_RANGE_LOOP_ANALYSIS = YES;
				CLANG_WARN_STRICT_PROTOTYPES = YES;
				CLANG_WARN_SUSPICIOUS_MOVE = YES;
				CLANG_WARN_UNGUARDED_AVAILABILITY = YES_AGGRESSIVE;
				CLANG_WARN_UNREACHABLE_CODE = YES;
				CLANG_WARN__DUPLICATE_METHOD_MATCH = YES;
				CODE_SIGN_IDENTITY = "iPhone Developer";
				CODE_SIGN_STYLE = Automatic;
				COPY_PHASE_STRIP = NO;
				DEVELOPMENT_TEAM = Y3FSN97W3M;
				ENABLE_NS_ASSERTIONS = NO;
				ENABLE_STRICT_OBJC_MSGSEND = YES;
				FRAMEWORK_SEARCH_PATHS = (
					"$(inherited)",
					"$(PROJECT_DIR)/Carthage/Build/iOS",
				);
				GCC_C_LANGUAGE_STANDARD = gnu11;
				GCC_NO_COMMON_BLOCKS = YES;
				GCC_OPTIMIZATION_LEVEL = fast;
				GCC_WARN_64_TO_32_BIT_CONVERSION = YES;
				GCC_WARN_ABOUT_RETURN_TYPE = YES_ERROR;
				GCC_WARN_UNDECLARED_SELECTOR = YES;
				GCC_WARN_UNINITIALIZED_AUTOS = YES_AGGRESSIVE;
				GCC_WARN_UNUSED_FUNCTION = YES;
				GCC_WARN_UNUSED_VARIABLE = YES;
				INFOPLIST_FILE = Tests/Info.plist;
				IPHONEOS_DEPLOYMENT_TARGET = 10.0;
				LD_RUNPATH_SEARCH_PATHS = "$(inherited) @executable_path/Frameworks @loader_path/Frameworks";
				MTL_ENABLE_DEBUG_INFO = NO;
				PRODUCT_BUNDLE_IDENTIFIER = "com.ym.CiNiiKit-iOSTests";
				PRODUCT_NAME = "$(TARGET_NAME)";
				SDKROOT = iphoneos10.0;
				SUPPORTED_PLATFORMS = "iphonesimulator iphoneos";
				SWIFT_OPTIMIZATION_LEVEL = "-O";
				SWIFT_VERSION = 4.0;
				TARGETED_DEVICE_FAMILY = "1,2";
				VALIDATE_PRODUCT = YES;
			};
			name = Release;
		};
		OBJ_3 /* Debug */ = {
			isa = XCBuildConfiguration;
			buildSettings = {
				CLANG_ENABLE_OBJC_ARC = YES;
				COMBINE_HIDPI_IMAGES = YES;
				COPY_PHASE_STRIP = NO;
				DEBUG_INFORMATION_FORMAT = dwarf;
				DYLIB_INSTALL_NAME_BASE = "@rpath";
				ENABLE_NS_ASSERTIONS = YES;
				GCC_OPTIMIZATION_LEVEL = fast;
				MACOSX_DEPLOYMENT_TARGET = 10.10;
				ONLY_ACTIVE_ARCH = YES;
				OTHER_SWIFT_FLAGS = "-DXcode";
				PRODUCT_NAME = "$(TARGET_NAME)";
				SDKROOT = macosx;
				SUPPORTED_PLATFORMS = "macosx iphoneos iphonesimulator appletvos appletvsimulator watchos watchsimulator";
				SWIFT_ACTIVE_COMPILATION_CONDITIONS = SWIFT_PACKAGE;
				SWIFT_COMPILATION_MODE = singlefile;
				SWIFT_OPTIMIZATION_LEVEL = "-O";
				USE_HEADERMAP = NO;
			};
			name = Debug;
		};
		OBJ_4 /* Release */ = {
			isa = XCBuildConfiguration;
			buildSettings = {
				CLANG_ENABLE_OBJC_ARC = YES;
				COMBINE_HIDPI_IMAGES = YES;
				COPY_PHASE_STRIP = YES;
				DEBUG_INFORMATION_FORMAT = "dwarf-with-dsym";
				DYLIB_INSTALL_NAME_BASE = "@rpath";
				GCC_OPTIMIZATION_LEVEL = fast;
				MACOSX_DEPLOYMENT_TARGET = 10.10;
				OTHER_SWIFT_FLAGS = "-DXcode";
				PRODUCT_NAME = "$(TARGET_NAME)";
				SDKROOT = macosx;
				SUPPORTED_PLATFORMS = "macosx iphoneos iphonesimulator appletvos appletvsimulator watchos watchsimulator";
				SWIFT_ACTIVE_COMPILATION_CONDITIONS = SWIFT_PACKAGE;
				SWIFT_OPTIMIZATION_LEVEL = "-Owholemodule";
				USE_HEADERMAP = NO;
			};
			name = Release;
		};
/* End XCBuildConfiguration section */

/* Begin XCConfigurationList section */
		9949A2D9214BDC7200FE0508 /* Build configuration list for PBXNativeTarget "CiNiiKit macOS" */ = {
			isa = XCConfigurationList;
			buildConfigurations = (
				9949A2D5214BDC7200FE0508 /* Debug */,
				9949A2D6214BDC7200FE0508 /* Release */,
			);
			defaultConfigurationIsVisible = 0;
			defaultConfigurationName = Release;
		};
		9949A2DA214BDC7200FE0508 /* Build configuration list for PBXNativeTarget "CiNiiKit macOSTests" */ = {
			isa = XCConfigurationList;
			buildConfigurations = (
				9949A2D7214BDC7200FE0508 /* Debug */,
				9949A2D8214BDC7200FE0508 /* Release */,
			);
			defaultConfigurationIsVisible = 0;
			defaultConfigurationName = Release;
		};
		999C524E2134AFF600611308 /* Build configuration list for PBXNativeTarget "CiNiiKit iOS" */ = {
			isa = XCConfigurationList;
			buildConfigurations = (
				999C524F2134AFF600611308 /* Debug */,
				999C52502134AFF600611308 /* Release */,
			);
			defaultConfigurationIsVisible = 0;
			defaultConfigurationName = Release;
		};
		999C52512134AFF600611308 /* Build configuration list for PBXNativeTarget "CiNiiKit iOSTests" */ = {
			isa = XCConfigurationList;
			buildConfigurations = (
				999C52522134AFF600611308 /* Debug */,
				999C52532134AFF600611308 /* Release */,
			);
			defaultConfigurationIsVisible = 0;
			defaultConfigurationName = Release;
		};
		OBJ_2 /* Build configuration list for PBXProject "CiNiiKit" */ = {
			isa = XCConfigurationList;
			buildConfigurations = (
				OBJ_3 /* Debug */,
				OBJ_4 /* Release */,
			);
			defaultConfigurationIsVisible = 0;
			defaultConfigurationName = Release;
		};
/* End XCConfigurationList section */
	};
	rootObject = OBJ_1 /* Project object */;
}
