// !$*UTF8*$!
{
	archiveVersion = 1;
	classes = {
	};
	objectVersion = 46;
	objects = {

/* Begin PBXBuildFile section */
		999C52462134AFF600611308 /* CiNiiKit.framework in Frameworks */ = {isa = PBXBuildFile; fileRef = 999C523D2134AFF500611308 /* CiNiiKit.framework */; };
		999C52552134B14400611308 /* CiNiiKit.swift in Sources */ = {isa = PBXBuildFile; fileRef = 999C51E22134318B00611308 /* CiNiiKit.swift */; };
		999C52562134B14400611308 /* CiNiiResponse.swift in Sources */ = {isa = PBXBuildFile; fileRef = 999C5235213436D300611308 /* CiNiiResponse.swift */; };
		999C52572134B14800611308 /* CiNiiKitTests.swift in Sources */ = {isa = PBXBuildFile; fileRef = 999C51F1213431A000611308 /* CiNiiKitTests.swift */; };
		999C5278213581DF00611308 /* Alamofire.framework in Frameworks */ = {isa = PBXBuildFile; fileRef = 999C5275213581DF00611308 /* Alamofire.framework */; };
		999C5279213581DF00611308 /* KeychainAccess.framework in Frameworks */ = {isa = PBXBuildFile; fileRef = 999C5276213581DF00611308 /* KeychainAccess.framework */; };
		999C527A213581DF00611308 /* SwiftyJSON.framework in Frameworks */ = {isa = PBXBuildFile; fileRef = 999C5277213581DF00611308 /* SwiftyJSON.framework */; };
		99F97A692135828E0052391A /* Quick.framework in Frameworks */ = {isa = PBXBuildFile; fileRef = 99F97A642135828E0052391A /* Quick.framework */; };
		99F97A6A2135828E0052391A /* KeychainAccess.framework in Frameworks */ = {isa = PBXBuildFile; fileRef = 99F97A652135828E0052391A /* KeychainAccess.framework */; };
		99F97A6B2135828E0052391A /* Alamofire.framework in Frameworks */ = {isa = PBXBuildFile; fileRef = 99F97A662135828E0052391A /* Alamofire.framework */; };
		99F97A6C2135828E0052391A /* Nimble.framework in Frameworks */ = {isa = PBXBuildFile; fileRef = 99F97A672135828E0052391A /* Nimble.framework */; };
		99F97A6D2135828E0052391A /* SwiftyJSON.framework in Frameworks */ = {isa = PBXBuildFile; fileRef = 99F97A682135828E0052391A /* SwiftyJSON.framework */; };
		99F97A7421360ED40052391A /* OpenSearchArticles.swift in Sources */ = {isa = PBXBuildFile; fileRef = 99F97A7321360ED40052391A /* OpenSearchArticles.swift */; };
		99F97A76213610050052391A /* SearchType.swift in Sources */ = {isa = PBXBuildFile; fileRef = 99F97A75213610050052391A /* SearchType.swift */; };
		99F97A7B213615530052391A /* LanguageType.swift in Sources */ = {isa = PBXBuildFile; fileRef = 99F97A7A213615530052391A /* LanguageType.swift */; };
		99F97A7E21364AE80052391A /* SortOrderType.swift in Sources */ = {isa = PBXBuildFile; fileRef = 99F97A7D21364AE80052391A /* SortOrderType.swift */; };
		99F97A80213650AE0052391A /* CiNiiKitArticles.swift in Sources */ = {isa = PBXBuildFile; fileRef = 99F97A7F213650AE0052391A /* CiNiiKitArticles.swift */; };
		99F97A84213679BA0052391A /* ErrorHandring.swift in Sources */ = {isa = PBXBuildFile; fileRef = 99F97A83213679BA0052391A /* ErrorHandring.swift */; };
/* End PBXBuildFile section */

/* Begin PBXContainerItemProxy section */
		999C52472134AFF600611308 /* PBXContainerItemProxy */ = {
			isa = PBXContainerItemProxy;
			containerPortal = OBJ_1 /* Project object */;
			proxyType = 1;
			remoteGlobalIDString = 999C523C2134AFF500611308;
			remoteInfo = "CiNiiKit iOS";
		};
/* End PBXContainerItemProxy section */

/* Begin PBXFileReference section */
		999C51D62134313200611308 /* Info.plist */ = {isa = PBXFileReference; lastKnownFileType = text.plist.xml; path = Info.plist; sourceTree = "<group>"; };
		999C51E22134318B00611308 /* CiNiiKit.swift */ = {isa = PBXFileReference; fileEncoding = 4; lastKnownFileType = sourcecode.swift; path = CiNiiKit.swift; sourceTree = "<group>"; };
		999C51F1213431A000611308 /* CiNiiKitTests.swift */ = {isa = PBXFileReference; fileEncoding = 4; lastKnownFileType = sourcecode.swift; path = CiNiiKitTests.swift; sourceTree = "<group>"; };
		999C51F92134326400611308 /* Info.plist */ = {isa = PBXFileReference; lastKnownFileType = text.plist.xml; name = Info.plist; path = Sources/Info.plist; sourceTree = "<group>"; };
		999C5235213436D300611308 /* CiNiiResponse.swift */ = {isa = PBXFileReference; lastKnownFileType = sourcecode.swift; path = CiNiiResponse.swift; sourceTree = "<group>"; };
		999C523D2134AFF500611308 /* CiNiiKit.framework */ = {isa = PBXFileReference; explicitFileType = wrapper.framework; includeInIndex = 0; path = CiNiiKit.framework; sourceTree = BUILT_PRODUCTS_DIR; };
		999C52452134AFF600611308 /* CiNiiKit iOSTests.xctest */ = {isa = PBXFileReference; explicitFileType = wrapper.cfbundle; includeInIndex = 0; path = "CiNiiKit iOSTests.xctest"; sourceTree = BUILT_PRODUCTS_DIR; };
		999C5275213581DF00611308 /* Alamofire.framework */ = {isa = PBXFileReference; lastKnownFileType = wrapper.framework; name = Alamofire.framework; path = Carthage/Build/iOS/Alamofire.framework; sourceTree = "<group>"; };
		999C5276213581DF00611308 /* KeychainAccess.framework */ = {isa = PBXFileReference; lastKnownFileType = wrapper.framework; name = KeychainAccess.framework; path = Carthage/Build/iOS/KeychainAccess.framework; sourceTree = "<group>"; };
		999C5277213581DF00611308 /* SwiftyJSON.framework */ = {isa = PBXFileReference; lastKnownFileType = wrapper.framework; name = SwiftyJSON.framework; path = Carthage/Build/iOS/SwiftyJSON.framework; sourceTree = "<group>"; };
		99F97A642135828E0052391A /* Quick.framework */ = {isa = PBXFileReference; lastKnownFileType = wrapper.framework; name = Quick.framework; path = Carthage/Build/iOS/Quick.framework; sourceTree = SOURCE_ROOT; };
		99F97A652135828E0052391A /* KeychainAccess.framework */ = {isa = PBXFileReference; lastKnownFileType = wrapper.framework; name = KeychainAccess.framework; path = Carthage/Build/iOS/KeychainAccess.framework; sourceTree = SOURCE_ROOT; };
		99F97A662135828E0052391A /* Alamofire.framework */ = {isa = PBXFileReference; lastKnownFileType = wrapper.framework; name = Alamofire.framework; path = Carthage/Build/iOS/Alamofire.framework; sourceTree = SOURCE_ROOT; };
		99F97A672135828E0052391A /* Nimble.framework */ = {isa = PBXFileReference; lastKnownFileType = wrapper.framework; name = Nimble.framework; path = Carthage/Build/iOS/Nimble.framework; sourceTree = SOURCE_ROOT; };
		99F97A682135828E0052391A /* SwiftyJSON.framework */ = {isa = PBXFileReference; lastKnownFileType = wrapper.framework; name = SwiftyJSON.framework; path = Carthage/Build/iOS/SwiftyJSON.framework; sourceTree = SOURCE_ROOT; };
		99F97A7321360ED40052391A /* OpenSearchArticles.swift */ = {isa = PBXFileReference; lastKnownFileType = sourcecode.swift; path = OpenSearchArticles.swift; sourceTree = "<group>"; };
		99F97A75213610050052391A /* SearchType.swift */ = {isa = PBXFileReference; lastKnownFileType = sourcecode.swift; path = SearchType.swift; sourceTree = "<group>"; };
		99F97A7A213615530052391A /* LanguageType.swift */ = {isa = PBXFileReference; lastKnownFileType = sourcecode.swift; path = LanguageType.swift; sourceTree = "<group>"; };
		99F97A7D21364AE80052391A /* SortOrderType.swift */ = {isa = PBXFileReference; lastKnownFileType = sourcecode.swift; path = SortOrderType.swift; sourceTree = "<group>"; };
		99F97A7F213650AE0052391A /* CiNiiKitArticles.swift */ = {isa = PBXFileReference; lastKnownFileType = sourcecode.swift; path = CiNiiKitArticles.swift; sourceTree = "<group>"; };
		99F97A83213679BA0052391A /* ErrorHandring.swift */ = {isa = PBXFileReference; lastKnownFileType = sourcecode.swift; path = ErrorHandring.swift; sourceTree = "<group>"; };
		OBJ_6 /* Package.swift */ = {isa = PBXFileReference; explicitFileType = sourcecode.swift; path = Package.swift; sourceTree = "<group>"; };
/* End PBXFileReference section */

/* Begin PBXFrameworksBuildPhase section */
		999C52392134AFF500611308 /* Frameworks */ = {
			isa = PBXFrameworksBuildPhase;
			buildActionMask = 2147483647;
			files = (
				999C5279213581DF00611308 /* KeychainAccess.framework in Frameworks */,
				999C5278213581DF00611308 /* Alamofire.framework in Frameworks */,
				999C527A213581DF00611308 /* SwiftyJSON.framework in Frameworks */,
			);
			runOnlyForDeploymentPostprocessing = 0;
		};
		999C52422134AFF500611308 /* Frameworks */ = {
			isa = PBXFrameworksBuildPhase;
			buildActionMask = 2147483647;
			files = (
				99F97A6C2135828E0052391A /* Nimble.framework in Frameworks */,
				99F97A6A2135828E0052391A /* KeychainAccess.framework in Frameworks */,
				99F97A6D2135828E0052391A /* SwiftyJSON.framework in Frameworks */,
				99F97A692135828E0052391A /* Quick.framework in Frameworks */,
				999C52462134AFF600611308 /* CiNiiKit.framework in Frameworks */,
				99F97A6B2135828E0052391A /* Alamofire.framework in Frameworks */,
			);
			runOnlyForDeploymentPostprocessing = 0;
		};
/* End PBXFrameworksBuildPhase section */

/* Begin PBXGroup section */
		999C51E02134318B00611308 /* Sources */ = {
			isa = PBXGroup;
			children = (
				99F97A82213679A90052391A /* Error */,
				99F97A7C21364A890052391A /* Enum */,
				999C51E22134318B00611308 /* CiNiiKit.swift */,
				99F97A81213655370052391A /* Common */,
				99F97A75213610050052391A /* SearchType.swift */,
				99F97A7021360E6B0052391A /* Endpoints */,
				999C5235213436D300611308 /* CiNiiResponse.swift */,
			);
			path = Sources;
			sourceTree = "<group>";
		};
		999C51EF213431A000611308 /* Tests */ = {
			isa = PBXGroup;
			children = (
				999C51F0213431A000611308 /* CiNiiKitTests */,
				99F97A622135826E0052391A /* Frameworks */,
				999C51F82134323F00611308 /* Supporting Files */,
			);
			path = Tests;
			sourceTree = "<group>";
		};
		999C51F0213431A000611308 /* CiNiiKitTests */ = {
			isa = PBXGroup;
			children = (
				999C51F1213431A000611308 /* CiNiiKitTests.swift */,
			);
			path = CiNiiKitTests;
			sourceTree = "<group>";
		};
		999C51F7213431B200611308 /* Supporting Files */ = {
			isa = PBXGroup;
			children = (
				999C51F92134326400611308 /* Info.plist */,
			);
			name = "Supporting Files";
			sourceTree = "<group>";
		};
		999C51F82134323F00611308 /* Supporting Files */ = {
			isa = PBXGroup;
			children = (
				999C51D62134313200611308 /* Info.plist */,
			);
			name = "Supporting Files";
			sourceTree = "<group>";
		};
		999C52732135819400611308 /* Frameworks */ = {
			isa = PBXGroup;
			children = (
				999C5274213581C900611308 /* iOS */,
			);
			name = Frameworks;
			sourceTree = "<group>";
		};
		999C5274213581C900611308 /* iOS */ = {
			isa = PBXGroup;
			children = (
				999C5275213581DF00611308 /* Alamofire.framework */,
				999C5276213581DF00611308 /* KeychainAccess.framework */,
				999C5277213581DF00611308 /* SwiftyJSON.framework */,
			);
			name = iOS;
			sourceTree = "<group>";
		};
		99F97A622135826E0052391A /* Frameworks */ = {
			isa = PBXGroup;
			children = (
				99F97A63213582730052391A /* iOS */,
			);
			name = Frameworks;
			sourceTree = "<group>";
		};
		99F97A63213582730052391A /* iOS */ = {
			isa = PBXGroup;
			children = (
				99F97A662135828E0052391A /* Alamofire.framework */,
				99F97A652135828E0052391A /* KeychainAccess.framework */,
				99F97A672135828E0052391A /* Nimble.framework */,
				99F97A642135828E0052391A /* Quick.framework */,
				99F97A682135828E0052391A /* SwiftyJSON.framework */,
			);
			name = iOS;
			sourceTree = "<group>";
		};
		99F97A7021360E6B0052391A /* Endpoints */ = {
			isa = PBXGroup;
			children = (
				99F97A79213614B30052391A /* OpenSearch */,
			);
			path = Endpoints;
			sourceTree = "<group>";
		};
		99F97A79213614B30052391A /* OpenSearch */ = {
			isa = PBXGroup;
			children = (
				99F97A7321360ED40052391A /* OpenSearchArticles.swift */,
			);
			path = OpenSearch;
			sourceTree = "<group>";
		};
		99F97A7C21364A890052391A /* Enum */ = {
			isa = PBXGroup;
			children = (
				99F97A7A213615530052391A /* LanguageType.swift */,
				99F97A7D21364AE80052391A /* SortOrderType.swift */,
			);
			path = Enum;
			sourceTree = "<group>";
		};
		99F97A81213655370052391A /* Common */ = {
			isa = PBXGroup;
			children = (
				99F97A7F213650AE0052391A /* CiNiiKitArticles.swift */,
			);
			path = Common;
			sourceTree = "<group>";
		};
		99F97A82213679A90052391A /* Error */ = {
			isa = PBXGroup;
			children = (
				99F97A83213679BA0052391A /* ErrorHandring.swift */,
			);
			path = Error;
			sourceTree = "<group>";
		};
		OBJ_14 /* Products */ = {
			isa = PBXGroup;
			children = (
				999C523D2134AFF500611308 /* CiNiiKit.framework */,
				999C52452134AFF600611308 /* CiNiiKit iOSTests.xctest */,
			);
			name = Products;
			sourceTree = BUILT_PRODUCTS_DIR;
		};
		OBJ_5 = {
			isa = PBXGroup;
			children = (
				OBJ_6 /* Package.swift */,
				999C51E02134318B00611308 /* Sources */,
				999C51F7213431B200611308 /* Supporting Files */,
				999C51EF213431A000611308 /* Tests */,
				999C52732135819400611308 /* Frameworks */,
				OBJ_14 /* Products */,
			);
			sourceTree = "<group>";
		};
/* End PBXGroup section */

/* Begin PBXHeadersBuildPhase section */
		999C523A2134AFF500611308 /* Headers */ = {
			isa = PBXHeadersBuildPhase;
			buildActionMask = 2147483647;
			files = (
			);
			runOnlyForDeploymentPostprocessing = 0;
		};
/* End PBXHeadersBuildPhase section */

/* Begin PBXNativeTarget section */
		999C523C2134AFF500611308 /* CiNiiKit iOS */ = {
			isa = PBXNativeTarget;
			buildConfigurationList = 999C524E2134AFF600611308 /* Build configuration list for PBXNativeTarget "CiNiiKit iOS" */;
			buildPhases = (
				999C52382134AFF500611308 /* Sources */,
				999C52392134AFF500611308 /* Frameworks */,
				999C523A2134AFF500611308 /* Headers */,
				999C523B2134AFF500611308 /* Resources */,
				999C52542134B0EB00611308 /* SwiftLint Run Script */,
			);
			buildRules = (
			);
			dependencies = (
			);
			name = "CiNiiKit iOS";
			productName = "CiNiiKit iOS";
			productReference = 999C523D2134AFF500611308 /* CiNiiKit.framework */;
			productType = "com.apple.product-type.framework";
		};
		999C52442134AFF500611308 /* CiNiiKit iOSTests */ = {
			isa = PBXNativeTarget;
			buildConfigurationList = 999C52512134AFF600611308 /* Build configuration list for PBXNativeTarget "CiNiiKit iOSTests" */;
			buildPhases = (
				999C52412134AFF500611308 /* Sources */,
				999C52422134AFF500611308 /* Frameworks */,
				999C52432134AFF500611308 /* Resources */,
			);
			buildRules = (
			);
			dependencies = (
				999C52482134AFF600611308 /* PBXTargetDependency */,
			);
			name = "CiNiiKit iOSTests";
			productName = "CiNiiKit iOSTests";
			productReference = 999C52452134AFF600611308 /* CiNiiKit iOSTests.xctest */;
			productType = "com.apple.product-type.bundle.unit-test";
		};
/* End PBXNativeTarget section */

/* Begin PBXProject section */
		OBJ_1 /* Project object */ = {
			isa = PBXProject;
			attributes = {
				LastSwiftUpdateCheck = 0940;
				LastUpgradeCheck = 9999;
				TargetAttributes = {
					999C523C2134AFF500611308 = {
						CreatedOnToolsVersion = 9.4.1;
						ProvisioningStyle = Manual;
					};
					999C52442134AFF500611308 = {
						CreatedOnToolsVersion = 9.4.1;
						DevelopmentTeam = Y3FSN97W3M;
						ProvisioningStyle = Automatic;
					};
				};
			};
			buildConfigurationList = OBJ_2 /* Build configuration list for PBXProject "CiNiiKit" */;
			compatibilityVersion = "Xcode 3.2";
			developmentRegion = English;
			hasScannedForEncodings = 0;
			knownRegions = (
				en,
			);
			mainGroup = OBJ_5;
			productRefGroup = OBJ_14 /* Products */;
			projectDirPath = "";
			projectRoot = "";
			targets = (
				999C523C2134AFF500611308 /* CiNiiKit iOS */,
				999C52442134AFF500611308 /* CiNiiKit iOSTests */,
			);
		};
/* End PBXProject section */

/* Begin PBXResourcesBuildPhase section */
		999C523B2134AFF500611308 /* Resources */ = {
			isa = PBXResourcesBuildPhase;
			buildActionMask = 2147483647;
			files = (
			);
			runOnlyForDeploymentPostprocessing = 0;
		};
		999C52432134AFF500611308 /* Resources */ = {
			isa = PBXResourcesBuildPhase;
			buildActionMask = 2147483647;
			files = (
			);
			runOnlyForDeploymentPostprocessing = 0;
		};
/* End PBXResourcesBuildPhase section */

/* Begin PBXShellScriptBuildPhase section */
		999C52542134B0EB00611308 /* SwiftLint Run Script */ = {
			isa = PBXShellScriptBuildPhase;
			buildActionMask = 2147483647;
			files = (
			);
			inputPaths = (
			);
			name = "SwiftLint Run Script";
			outputPaths = (
			);
			runOnlyForDeploymentPostprocessing = 0;
			shellPath = /bin/sh;
			shellScript = "if which swiftlint >/dev/null; then\nswiftlint\nelse\necho \"warning: SwiftLint not installed, download from https://github.com/realm/SwiftLint\"\nfi";
		};
/* End PBXShellScriptBuildPhase section */

/* Begin PBXSourcesBuildPhase section */
		999C52382134AFF500611308 /* Sources */ = {
			isa = PBXSourcesBuildPhase;
			buildActionMask = 2147483647;
			files = (
				99F97A80213650AE0052391A /* CiNiiKitArticles.swift in Sources */,
				99F97A7E21364AE80052391A /* SortOrderType.swift in Sources */,
				999C52552134B14400611308 /* CiNiiKit.swift in Sources */,
				99F97A84213679BA0052391A /* ErrorHandring.swift in Sources */,
				99F97A7421360ED40052391A /* OpenSearchArticles.swift in Sources */,
				999C52562134B14400611308 /* CiNiiResponse.swift in Sources */,
				99F97A7B213615530052391A /* LanguageType.swift in Sources */,
				99F97A76213610050052391A /* SearchType.swift in Sources */,
			);
			runOnlyForDeploymentPostprocessing = 0;
		};
		999C52412134AFF500611308 /* Sources */ = {
			isa = PBXSourcesBuildPhase;
			buildActionMask = 2147483647;
			files = (
				999C52572134B14800611308 /* CiNiiKitTests.swift in Sources */,
			);
			runOnlyForDeploymentPostprocessing = 0;
		};
/* End PBXSourcesBuildPhase section */

/* Begin PBXTargetDependency section */
		999C52482134AFF600611308 /* PBXTargetDependency */ = {
			isa = PBXTargetDependency;
			target = 999C523C2134AFF500611308 /* CiNiiKit iOS */;
			targetProxy = 999C52472134AFF600611308 /* PBXContainerItemProxy */;
		};
/* End PBXTargetDependency section */

/* Begin XCBuildConfiguration section */
		999C524F2134AFF600611308 /* Debug */ = {
			isa = XCBuildConfiguration;
			buildSettings = {
				ALWAYS_SEARCH_USER_PATHS = NO;
				CLANG_ANALYZER_NONNULL = YES;
				CLANG_ANALYZER_NUMBER_OBJECT_CONVERSION = YES_AGGRESSIVE;
				CLANG_CXX_LANGUAGE_STANDARD = "gnu++14";
				CLANG_CXX_LIBRARY = "libc++";
				CLANG_ENABLE_MODULES = YES;
				CLANG_ENABLE_OBJC_WEAK = YES;
				CLANG_WARN_BLOCK_CAPTURE_AUTORELEASING = YES;
				CLANG_WARN_BOOL_CONVERSION = YES;
				CLANG_WARN_COMMA = YES;
				CLANG_WARN_CONSTANT_CONVERSION = YES;
				CLANG_WARN_DEPRECATED_OBJC_IMPLEMENTATIONS = YES;
				CLANG_WARN_DIRECT_OBJC_ISA_USAGE = YES_ERROR;
				CLANG_WARN_DOCUMENTATION_COMMENTS = YES;
				CLANG_WARN_EMPTY_BODY = YES;
				CLANG_WARN_ENUM_CONVERSION = YES;
				CLANG_WARN_INFINITE_RECURSION = YES;
				CLANG_WARN_INT_CONVERSION = YES;
				CLANG_WARN_NON_LITERAL_NULL_CONVERSION = YES;
				CLANG_WARN_OBJC_IMPLICIT_RETAIN_SELF = YES;
				CLANG_WARN_OBJC_LITERAL_CONVERSION = YES;
				CLANG_WARN_OBJC_ROOT_CLASS = YES_ERROR;
				CLANG_WARN_RANGE_LOOP_ANALYSIS = YES;
				CLANG_WARN_STRICT_PROTOTYPES = YES;
				CLANG_WARN_SUSPICIOUS_MOVE = YES;
				CLANG_WARN_UNGUARDED_AVAILABILITY = YES_AGGRESSIVE;
				CLANG_WARN_UNREACHABLE_CODE = YES;
				CLANG_WARN__DUPLICATE_METHOD_MATCH = YES;
				CODE_SIGN_IDENTITY = "iPhone Developer";
				CODE_SIGN_STYLE = Manual;
				CURRENT_PROJECT_VERSION = 1;
				DEFINES_MODULE = YES;
				DEVELOPMENT_TEAM = "";
				DYLIB_COMPATIBILITY_VERSION = 1;
				DYLIB_CURRENT_VERSION = 1;
				DYLIB_INSTALL_NAME_BASE = "@rpath";
				ENABLE_STRICT_OBJC_MSGSEND = YES;
				ENABLE_TESTABILITY = YES;
				FRAMEWORK_SEARCH_PATHS = (
					"$(inherited)",
					"$(PROJECT_DIR)/Carthage/Build/iOS",
				);
				GCC_C_LANGUAGE_STANDARD = gnu11;
				GCC_DYNAMIC_NO_PIC = NO;
				GCC_NO_COMMON_BLOCKS = YES;
				GCC_OPTIMIZATION_LEVEL = s;
				GCC_PREPROCESSOR_DEFINITIONS = (
					"DEBUG=1",
					"$(inherited)",
				);
				GCC_WARN_64_TO_32_BIT_CONVERSION = YES;
				GCC_WARN_ABOUT_RETURN_TYPE = YES_ERROR;
				GCC_WARN_UNDECLARED_SELECTOR = YES;
				GCC_WARN_UNINITIALIZED_AUTOS = YES_AGGRESSIVE;
				GCC_WARN_UNUSED_FUNCTION = YES;
				GCC_WARN_UNUSED_VARIABLE = YES;
				INFOPLIST_FILE = Sources/Info.plist;
				INSTALL_PATH = "$(LOCAL_LIBRARY_DIR)/Frameworks";
				IPHONEOS_DEPLOYMENT_TARGET = 10.0;
				LD_RUNPATH_SEARCH_PATHS = "$(inherited) @executable_path/Frameworks @loader_path/Frameworks";
				MTL_ENABLE_DEBUG_INFO = YES;
				PRODUCT_BUNDLE_IDENTIFIER = "com.ym.CiNiiKit-iOS";
				PRODUCT_NAME = CiNiiKit;
				PROVISIONING_PROFILE_SPECIFIER = "";
				SDKROOT = iphoneos11.4;
				SKIP_INSTALL = YES;
				SUPPORTED_PLATFORMS = "iphonesimulator iphoneos";
				SWIFT_ACTIVE_COMPILATION_CONDITIONS = DEBUG;
				SWIFT_OPTIMIZATION_LEVEL = "-O";
				SWIFT_VERSION = 4.0;
				TARGETED_DEVICE_FAMILY = "1,2";
				VERSIONING_SYSTEM = "apple-generic";
				VERSION_INFO_PREFIX = "";
			};
			name = Debug;
		};
		999C52502134AFF600611308 /* Release */ = {
			isa = XCBuildConfiguration;
			buildSettings = {
				ALWAYS_SEARCH_USER_PATHS = NO;
				CLANG_ANALYZER_NONNULL = YES;
				CLANG_ANALYZER_NUMBER_OBJECT_CONVERSION = YES_AGGRESSIVE;
				CLANG_CXX_LANGUAGE_STANDARD = "gnu++14";
				CLANG_CXX_LIBRARY = "libc++";
				CLANG_ENABLE_MODULES = YES;
				CLANG_ENABLE_OBJC_WEAK = YES;
				CLANG_WARN_BLOCK_CAPTURE_AUTORELEASING = YES;
				CLANG_WARN_BOOL_CONVERSION = YES;
				CLANG_WARN_COMMA = YES;
				CLANG_WARN_CONSTANT_CONVERSION = YES;
				CLANG_WARN_DEPRECATED_OBJC_IMPLEMENTATIONS = YES;
				CLANG_WARN_DIRECT_OBJC_ISA_USAGE = YES_ERROR;
				CLANG_WARN_DOCUMENTATION_COMMENTS = YES;
				CLANG_WARN_EMPTY_BODY = YES;
				CLANG_WARN_ENUM_CONVERSION = YES;
				CLANG_WARN_INFINITE_RECURSION = YES;
				CLANG_WARN_INT_CONVERSION = YES;
				CLANG_WARN_NON_LITERAL_NULL_CONVERSION = YES;
				CLANG_WARN_OBJC_IMPLICIT_RETAIN_SELF = YES;
				CLANG_WARN_OBJC_LITERAL_CONVERSION = YES;
				CLANG_WARN_OBJC_ROOT_CLASS = YES_ERROR;
				CLANG_WARN_RANGE_LOOP_ANALYSIS = YES;
				CLANG_WARN_STRICT_PROTOTYPES = YES;
				CLANG_WARN_SUSPICIOUS_MOVE = YES;
				CLANG_WARN_UNGUARDED_AVAILABILITY = YES_AGGRESSIVE;
				CLANG_WARN_UNREACHABLE_CODE = YES;
				CLANG_WARN__DUPLICATE_METHOD_MATCH = YES;
				CODE_SIGN_IDENTITY = "iPhone Developer";
				CODE_SIGN_STYLE = Manual;
				COPY_PHASE_STRIP = NO;
				CURRENT_PROJECT_VERSION = 1;
				DEFINES_MODULE = YES;
				DEVELOPMENT_TEAM = "";
				DYLIB_COMPATIBILITY_VERSION = 1;
				DYLIB_CURRENT_VERSION = 1;
				DYLIB_INSTALL_NAME_BASE = "@rpath";
				ENABLE_NS_ASSERTIONS = NO;
				ENABLE_STRICT_OBJC_MSGSEND = YES;
				FRAMEWORK_SEARCH_PATHS = (
					"$(inherited)",
					"$(PROJECT_DIR)/Carthage/Build/iOS",
				);
				GCC_C_LANGUAGE_STANDARD = gnu11;
				GCC_NO_COMMON_BLOCKS = YES;
				GCC_OPTIMIZATION_LEVEL = s;
				GCC_WARN_64_TO_32_BIT_CONVERSION = YES;
				GCC_WARN_ABOUT_RETURN_TYPE = YES_ERROR;
				GCC_WARN_UNDECLARED_SELECTOR = YES;
				GCC_WARN_UNINITIALIZED_AUTOS = YES_AGGRESSIVE;
				GCC_WARN_UNUSED_FUNCTION = YES;
				GCC_WARN_UNUSED_VARIABLE = YES;
				INFOPLIST_FILE = Sources/Info.plist;
				INSTALL_PATH = "$(LOCAL_LIBRARY_DIR)/Frameworks";
				IPHONEOS_DEPLOYMENT_TARGET = 10.0;
				LD_RUNPATH_SEARCH_PATHS = "$(inherited) @executable_path/Frameworks @loader_path/Frameworks";
				MTL_ENABLE_DEBUG_INFO = NO;
				PRODUCT_BUNDLE_IDENTIFIER = "com.ym.CiNiiKit-iOS";
				PRODUCT_NAME = CiNiiKit;
				PROVISIONING_PROFILE_SPECIFIER = "";
				SDKROOT = iphoneos11.4;
				SKIP_INSTALL = YES;
				SUPPORTED_PLATFORMS = "iphonesimulator iphoneos";
				SWIFT_OPTIMIZATION_LEVEL = "-O";
				SWIFT_VERSION = 4.0;
				TARGETED_DEVICE_FAMILY = "1,2";
				VALIDATE_PRODUCT = YES;
				VERSIONING_SYSTEM = "apple-generic";
				VERSION_INFO_PREFIX = "";
			};
			name = Release;
		};
		999C52522134AFF600611308 /* Debug */ = {
			isa = XCBuildConfiguration;
			buildSettings = {
				ALWAYS_EMBED_SWIFT_STANDARD_LIBRARIES = YES;
				ALWAYS_SEARCH_USER_PATHS = NO;
				CLANG_ANALYZER_NONNULL = YES;
				CLANG_ANALYZER_NUMBER_OBJECT_CONVERSION = YES_AGGRESSIVE;
				CLANG_CXX_LANGUAGE_STANDARD = "gnu++14";
				CLANG_CXX_LIBRARY = "libc++";
				CLANG_ENABLE_MODULES = YES;
				CLANG_ENABLE_OBJC_WEAK = YES;
				CLANG_WARN_BLOCK_CAPTURE_AUTORELEASING = YES;
				CLANG_WARN_BOOL_CONVERSION = YES;
				CLANG_WARN_COMMA = YES;
				CLANG_WARN_CONSTANT_CONVERSION = YES;
				CLANG_WARN_DEPRECATED_OBJC_IMPLEMENTATIONS = YES;
				CLANG_WARN_DIRECT_OBJC_ISA_USAGE = YES_ERROR;
				CLANG_WARN_DOCUMENTATION_COMMENTS = YES;
				CLANG_WARN_EMPTY_BODY = YES;
				CLANG_WARN_ENUM_CONVERSION = YES;
				CLANG_WARN_INFINITE_RECURSION = YES;
				CLANG_WARN_INT_CONVERSION = YES;
				CLANG_WARN_NON_LITERAL_NULL_CONVERSION = YES;
				CLANG_WARN_OBJC_IMPLICIT_RETAIN_SELF = YES;
				CLANG_WARN_OBJC_LITERAL_CONVERSION = YES;
				CLANG_WARN_OBJC_ROOT_CLASS = YES_ERROR;
				CLANG_WARN_RANGE_LOOP_ANALYSIS = YES;
				CLANG_WARN_STRICT_PROTOTYPES = YES;
				CLANG_WARN_SUSPICIOUS_MOVE = YES;
				CLANG_WARN_UNGUARDED_AVAILABILITY = YES_AGGRESSIVE;
				CLANG_WARN_UNREACHABLE_CODE = YES;
				CLANG_WARN__DUPLICATE_METHOD_MATCH = YES;
				CODE_SIGN_IDENTITY = "iPhone Developer";
				CODE_SIGN_STYLE = Automatic;
				DEVELOPMENT_TEAM = Y3FSN97W3M;
				ENABLE_STRICT_OBJC_MSGSEND = YES;
				ENABLE_TESTABILITY = YES;
				FRAMEWORK_SEARCH_PATHS = (
					"$(inherited)",
					"$(PROJECT_DIR)/Carthage/Build/iOS",
				);
				GCC_C_LANGUAGE_STANDARD = gnu11;
				GCC_DYNAMIC_NO_PIC = NO;
				GCC_NO_COMMON_BLOCKS = YES;
				GCC_OPTIMIZATION_LEVEL = s;
				GCC_PREPROCESSOR_DEFINITIONS = (
					"DEBUG=1",
					"$(inherited)",
				);
				GCC_WARN_64_TO_32_BIT_CONVERSION = YES;
				GCC_WARN_ABOUT_RETURN_TYPE = YES_ERROR;
				GCC_WARN_UNDECLARED_SELECTOR = YES;
				GCC_WARN_UNINITIALIZED_AUTOS = YES_AGGRESSIVE;
				GCC_WARN_UNUSED_FUNCTION = YES;
				GCC_WARN_UNUSED_VARIABLE = YES;
				INFOPLIST_FILE = Tests/Info.plist;
				IPHONEOS_DEPLOYMENT_TARGET = 10.0;
				LD_RUNPATH_SEARCH_PATHS = "$(inherited) @executable_path/Frameworks @loader_path/Frameworks";
				MTL_ENABLE_DEBUG_INFO = YES;
				PRODUCT_BUNDLE_IDENTIFIER = "com.ym.CiNiiKit-iOSTests";
				PRODUCT_NAME = "$(TARGET_NAME)";
				SDKROOT = iphoneos;
				SUPPORTED_PLATFORMS = "iphonesimulator iphoneos";
				SWIFT_ACTIVE_COMPILATION_CONDITIONS = DEBUG;
				SWIFT_OPTIMIZATION_LEVEL = "-O";
				SWIFT_VERSION = 4.0;
				TARGETED_DEVICE_FAMILY = "1,2";
			};
			name = Debug;
		};
		999C52532134AFF600611308 /* Release */ = {
			isa = XCBuildConfiguration;
			buildSettings = {
				ALWAYS_EMBED_SWIFT_STANDARD_LIBRARIES = YES;
				ALWAYS_SEARCH_USER_PATHS = NO;
				CLANG_ANALYZER_NONNULL = YES;
				CLANG_ANALYZER_NUMBER_OBJECT_CONVERSION = YES_AGGRESSIVE;
				CLANG_CXX_LANGUAGE_STANDARD = "gnu++14";
				CLANG_CXX_LIBRARY = "libc++";
				CLANG_ENABLE_MODULES = YES;
				CLANG_ENABLE_OBJC_WEAK = YES;
				CLANG_WARN_BLOCK_CAPTURE_AUTORELEASING = YES;
				CLANG_WARN_BOOL_CONVERSION = YES;
				CLANG_WARN_COMMA = YES;
				CLANG_WARN_CONSTANT_CONVERSION = YES;
				CLANG_WARN_DEPRECATED_OBJC_IMPLEMENTATIONS = YES;
				CLANG_WARN_DIRECT_OBJC_ISA_USAGE = YES_ERROR;
				CLANG_WARN_DOCUMENTATION_COMMENTS = YES;
				CLANG_WARN_EMPTY_BODY = YES;
				CLANG_WARN_ENUM_CONVERSION = YES;
				CLANG_WARN_INFINITE_RECURSION = YES;
				CLANG_WARN_INT_CONVERSION = YES;
				CLANG_WARN_NON_LITERAL_NULL_CONVERSION = YES;
				CLANG_WARN_OBJC_IMPLICIT_RETAIN_SELF = YES;
				CLANG_WARN_OBJC_LITERAL_CONVERSION = YES;
				CLANG_WARN_OBJC_ROOT_CLASS = YES_ERROR;
				CLANG_WARN_RANGE_LOOP_ANALYSIS = YES;
				CLANG_WARN_STRICT_PROTOTYPES = YES;
				CLANG_WARN_SUSPICIOUS_MOVE = YES;
				CLANG_WARN_UNGUARDED_AVAILABILITY = YES_AGGRESSIVE;
				CLANG_WARN_UNREACHABLE_CODE = YES;
				CLANG_WARN__DUPLICATE_METHOD_MATCH = YES;
				CODE_SIGN_IDENTITY = "iPhone Developer";
				CODE_SIGN_STYLE = Automatic;
				COPY_PHASE_STRIP = NO;
				DEVELOPMENT_TEAM = Y3FSN97W3M;
				ENABLE_NS_ASSERTIONS = NO;
				ENABLE_STRICT_OBJC_MSGSEND = YES;
				FRAMEWORK_SEARCH_PATHS = (
					"$(inherited)",
					"$(PROJECT_DIR)/Carthage/Build/iOS",
				);
				GCC_C_LANGUAGE_STANDARD = gnu11;
				GCC_NO_COMMON_BLOCKS = YES;
				GCC_OPTIMIZATION_LEVEL = s;
				GCC_WARN_64_TO_32_BIT_CONVERSION = YES;
				GCC_WARN_ABOUT_RETURN_TYPE = YES_ERROR;
				GCC_WARN_UNDECLARED_SELECTOR = YES;
				GCC_WARN_UNINITIALIZED_AUTOS = YES_AGGRESSIVE;
				GCC_WARN_UNUSED_FUNCTION = YES;
				GCC_WARN_UNUSED_VARIABLE = YES;
				INFOPLIST_FILE = Tests/Info.plist;
				IPHONEOS_DEPLOYMENT_TARGET = 10.0;
				LD_RUNPATH_SEARCH_PATHS = "$(inherited) @executable_path/Frameworks @loader_path/Frameworks";
				MTL_ENABLE_DEBUG_INFO = NO;
				PRODUCT_BUNDLE_IDENTIFIER = "com.ym.CiNiiKit-iOSTests";
				PRODUCT_NAME = "$(TARGET_NAME)";
				SDKROOT = iphoneos;
				SUPPORTED_PLATFORMS = "iphonesimulator iphoneos";
				SWIFT_OPTIMIZATION_LEVEL = "-O";
				SWIFT_VERSION = 4.0;
				TARGETED_DEVICE_FAMILY = "1,2";
				VALIDATE_PRODUCT = YES;
			};
			name = Release;
		};
		OBJ_3 /* Debug */ = {
			isa = XCBuildConfiguration;
			buildSettings = {
				CLANG_ENABLE_OBJC_ARC = YES;
				COMBINE_HIDPI_IMAGES = YES;
				COPY_PHASE_STRIP = NO;
				DEBUG_INFORMATION_FORMAT = dwarf;
				DYLIB_INSTALL_NAME_BASE = "@rpath";
				ENABLE_NS_ASSERTIONS = YES;
				GCC_OPTIMIZATION_LEVEL = 0;
				MACOSX_DEPLOYMENT_TARGET = 10.10;
				ONLY_ACTIVE_ARCH = YES;
				OTHER_SWIFT_FLAGS = "-DXcode";
				PRODUCT_NAME = "$(TARGET_NAME)";
				SDKROOT = macosx;
				SUPPORTED_PLATFORMS = "macosx iphoneos iphonesimulator appletvos appletvsimulator watchos watchsimulator";
				SWIFT_ACTIVE_COMPILATION_CONDITIONS = SWIFT_PACKAGE;
				SWIFT_OPTIMIZATION_LEVEL = "-Onone";
				USE_HEADERMAP = NO;
			};
			name = Debug;
		};
		OBJ_4 /* Release */ = {
			isa = XCBuildConfiguration;
			buildSettings = {
				CLANG_ENABLE_OBJC_ARC = YES;
				COMBINE_HIDPI_IMAGES = YES;
				COPY_PHASE_STRIP = YES;
				DEBUG_INFORMATION_FORMAT = "dwarf-with-dsym";
				DYLIB_INSTALL_NAME_BASE = "@rpath";
				GCC_OPTIMIZATION_LEVEL = s;
				MACOSX_DEPLOYMENT_TARGET = 10.10;
				OTHER_SWIFT_FLAGS = "-DXcode";
				PRODUCT_NAME = "$(TARGET_NAME)";
				SDKROOT = macosx;
				SUPPORTED_PLATFORMS = "macosx iphoneos iphonesimulator appletvos appletvsimulator watchos watchsimulator";
				SWIFT_ACTIVE_COMPILATION_CONDITIONS = SWIFT_PACKAGE;
				SWIFT_OPTIMIZATION_LEVEL = "-Owholemodule";
				USE_HEADERMAP = NO;
			};
			name = Release;
		};
/* End XCBuildConfiguration section */

/* Begin XCConfigurationList section */
		999C524E2134AFF600611308 /* Build configuration list for PBXNativeTarget "CiNiiKit iOS" */ = {
			isa = XCConfigurationList;
			buildConfigurations = (
				999C524F2134AFF600611308 /* Debug */,
				999C52502134AFF600611308 /* Release */,
			);
			defaultConfigurationIsVisible = 0;
			defaultConfigurationName = Release;
		};
		999C52512134AFF600611308 /* Build configuration list for PBXNativeTarget "CiNiiKit iOSTests" */ = {
			isa = XCConfigurationList;
			buildConfigurations = (
				999C52522134AFF600611308 /* Debug */,
				999C52532134AFF600611308 /* Release */,
			);
			defaultConfigurationIsVisible = 0;
			defaultConfigurationName = Release;
		};
		OBJ_2 /* Build configuration list for PBXProject "CiNiiKit" */ = {
			isa = XCConfigurationList;
			buildConfigurations = (
				OBJ_3 /* Debug */,
				OBJ_4 /* Release */,
			);
			defaultConfigurationIsVisible = 0;
			defaultConfigurationName = Release;
		};
/* End XCConfigurationList section */
	};
	rootObject = OBJ_1 /* Project object */;
}
