PODS:
  - Alamofire (4.7.3)
  - CiNiiKit (0.0.4):
    - Alamofire

DEPENDENCIES:
  - CiNiiKit

SPEC REPOS:
  https://github.com/cocoapods/specs.git:
    - Alamofire
    - CiNiiKit

SPEC CHECKSUMS:
  Alamofire: c7287b6e5d7da964a70935e5db17046b7fde6568
  CiNiiKit: 26491b9dd9937a74486c8e81043fc58fd303efe7

PODFILE CHECKSUM: f71bc88b0306b3ae58f81700e3b9da443a80d3f2

COCOAPODS: 1.5.3
