PODS:
  - Alamofire (4.7.3)
  - CiNiiKit (0.0.3):
    - Alamofire

DEPENDENCIES:
  - CiNiiKit

SPEC REPOS:
  https://github.com/cocoapods/specs.git:
    - Alamofire
    - CiNiiKit

SPEC CHECKSUMS:
  Alamofire: c7287b6e5d7da964a70935e5db17046b7fde6568
  CiNiiKit: 7930b99fc4b6396516e440b33d809c59d3c5e94e

PODFILE CHECKSUM: f71bc88b0306b3ae58f81700e3b9da443a80d3f2

COCOAPODS: 1.5.3
